
Microsoft Visual Studio Solution File, Format Version 12.00
# Visual Studio Version 17
VisualStudioVersion = 17.6.33815.320
MinimumVisualStudioVersion = 10.0.40219.1
Project("{2150E333-8FDC-42A3-9474-1A3956D46DE8}") = "1. Core", "1. Core", "{B579690F-FA70-4926-8D46-9BF1636C8FF5}"
EndProject
Project("{2150E333-8FDC-42A3-9474-1A3956D46DE8}") = "4. Clients", "4. Clients", "{0BC2D5FB-BE56-49CA-A9C3-D7BA82CFC680}"
EndProject
Project("{2150E333-8FDC-42A3-9474-1A3956D46DE8}") = "5. Tests", "5. Tests", "{05349663-074F-4952-BA98-90E36CA690BB}"
EndProject
Project("{2150E333-8FDC-42A3-9474-1A3956D46DE8}") = "3. Server", "3. Server", "{8DAB4D8A-24D7-4F02-B7A5-EE9F730DEAE9}"
EndProject
Project("{9A19103F-16F7-4668-BE54-9A1E7A4F7556}") = "TIMS-X.Core", "TIMS-X.Core\TIMS-X.Core.csproj", "{7C219246-199D-4C86-AA9E-77BD5601D478}"
EndProject
Project("{FAE04EC0-301F-11D3-BF4B-00C04F79EFBC}") = "TIMS-X.CloudAssistant", "TIMS-X.CloudAssistant\TIMS-X.CloudAssistant.csproj", "{51EAAD69-75B4-4DCE-B681-511985BACCE8}"
EndProject
Project("{2150E333-8FDC-42A3-9474-1A3956D46DE8}") = "6. Deploy", "6. Deploy", "{9B711C98-3993-46F9-8143-E67946E617FD}"
EndProject
Project("{930C7802-8A8C-48F9-8165-68863BCCD9DD}") = "TIMS-X.CloudAssistant.Installer", "TIMS-X.Deploy\TIMS-X.CloudAssistant.Installer\TIMS-X.CloudAssistant.Installer.wixproj", "{3B06C4A0-10EA-4891-A6A7-3D34A1C6E527}"
EndProject
Project("{9A19103F-16F7-4668-BE54-9A1E7A4F7556}") = "TIMS-X.Server", "TIMS-X.Server\TIMS-X.Server\TIMS-X.Server.csproj", "{4C8C565B-2294-4579-93EA-AB530F5EDFBB}"
EndProject
Project("{9A19103F-16F7-4668-BE54-9A1E7A4F7556}") = "TIMS-X.DAL", "TIMS-X.DAL\TIMS-X.DAL.csproj", "{A1452785-63CE-4667-A341-00C4E85CC56E}"
EndProject
Project("{9A19103F-16F7-4668-BE54-9A1E7A4F7556}") = "TIMS-X.BLL", "TIMS-X.BLL\TIMS-X.BLL.csproj", "{88DC324A-7680-4F2D-90BD-CCF2D2A04139}"
EndProject
Project("{9A19103F-16F7-4668-BE54-9A1E7A4F7556}") = "TIMS-X-Tests", "TIMS-X.Unit.Tests\TIMS-X-Tests\TIMS-X-Tests.csproj", "{7C8873B6-A4F3-4F2D-9D67-E425EE583284}"
EndProject
Project("{2150E333-8FDC-42A3-9474-1A3956D46DE8}") = "2.Infrastructure", "2.Infrastructure", "{02EA681E-C7D8-13C7-8484-4AC65E1B71E8}"
EndProject
Project("{FAE04EC0-301F-11D3-BF4B-00C04F79EFBC}") = "TIMS-X.CoreServices", "TIMS-X.Infrastructure\TIMS-X.CoreServices\TIMS-X.CoreServices.csproj", "{389CFC6A-A4BF-5140-6947-161E5FDBE287}"
EndProject
Project("{FAE04EC0-301F-11D3-BF4B-00C04F79EFBC}") = "TIMS-X.CloudDataServices", "TIMS-X.Infrastructure\TIMS-X.CloudDataServices\TIMS-X.CloudDataServices.csproj", "{16AD7245-D04F-BD30-349A-53127311A7B9}"
EndProject
Project("{FAE04EC0-301F-11D3-BF4B-00C04F79EFBC}") = "TIMS-X.NoahDataInterface.4.13", "TIMS-X.Infrastructure\TIMS-X.NoahDataInterface.4.13\TIMS-X.NoahDataInterface.4.13.csproj", "{1648241B-EBB3-D5DD-7AED-009630F5172C}"
EndProject
Global
	GlobalSection(SolutionConfigurationPlatforms) = preSolution
		Ad-Hoc|Any CPU = Ad-Hoc|Any CPU
		Ad-Hoc|ARM = Ad-Hoc|ARM
		Ad-Hoc|arm64 = Ad-Hoc|arm64
		Ad-Hoc|iPhone = Ad-Hoc|iPhone
		Ad-Hoc|iPhoneSimulator = Ad-Hoc|iPhoneSimulator
		Ad-Hoc|x64 = Ad-Hoc|x64
		Ad-Hoc|x86 = Ad-Hoc|x86
		AppStore|Any CPU = AppStore|Any CPU
		AppStore|ARM = AppStore|ARM
		AppStore|arm64 = AppStore|arm64
		AppStore|iPhone = AppStore|iPhone
		AppStore|iPhoneSimulator = AppStore|iPhoneSimulator
		AppStore|x64 = AppStore|x64
		AppStore|x86 = AppStore|x86
		Debug|Any CPU = Debug|Any CPU
		Debug|ARM = Debug|ARM
		Debug|arm64 = Debug|arm64
		Debug|iPhone = Debug|iPhone
		Debug|iPhoneSimulator = Debug|iPhoneSimulator
		Debug|x64 = Debug|x64
		Debug|x86 = Debug|x86
		Docker|Any CPU = Docker|Any CPU
		Docker|ARM = Docker|ARM
		Docker|arm64 = Docker|arm64
		Docker|iPhone = Docker|iPhone
		Docker|iPhoneSimulator = Docker|iPhoneSimulator
		Docker|x64 = Docker|x64
		Docker|x86 = Docker|x86
		Release|Any CPU = Release|Any CPU
		Release|ARM = Release|ARM
		Release|arm64 = Release|arm64
		Release|iPhone = Release|iPhone
		Release|iPhoneSimulator = Release|iPhoneSimulator
		Release|x64 = Release|x64
		Release|x86 = Release|x86
		Test|Any CPU = Test|Any CPU
		Test|ARM = Test|ARM
		Test|arm64 = Test|arm64
		Test|iPhone = Test|iPhone
		Test|iPhoneSimulator = Test|iPhoneSimulator
		Test|x64 = Test|x64
		Test|x86 = Test|x86
	EndGlobalSection
	GlobalSection(ProjectConfigurationPlatforms) = postSolution
		{7C219246-199D-4C86-AA9E-77BD5601D478}.Ad-Hoc|Any CPU.ActiveCfg = Debug|Any CPU
		{7C219246-199D-4C86-AA9E-77BD5601D478}.Ad-Hoc|Any CPU.Build.0 = Debug|Any CPU
		{7C219246-199D-4C86-AA9E-77BD5601D478}.Ad-Hoc|ARM.ActiveCfg = Debug|Any CPU
		{7C219246-199D-4C86-AA9E-77BD5601D478}.Ad-Hoc|ARM.Build.0 = Debug|Any CPU
		{7C219246-199D-4C86-AA9E-77BD5601D478}.Ad-Hoc|arm64.ActiveCfg = Test|Any CPU
		{7C219246-199D-4C86-AA9E-77BD5601D478}.Ad-Hoc|arm64.Build.0 = Test|Any CPU
		{7C219246-199D-4C86-AA9E-77BD5601D478}.Ad-Hoc|iPhone.ActiveCfg = Debug|Any CPU
		{7C219246-199D-4C86-AA9E-77BD5601D478}.Ad-Hoc|iPhone.Build.0 = Debug|Any CPU
		{7C219246-199D-4C86-AA9E-77BD5601D478}.Ad-Hoc|iPhoneSimulator.ActiveCfg = Debug|Any CPU
		{7C219246-199D-4C86-AA9E-77BD5601D478}.Ad-Hoc|iPhoneSimulator.Build.0 = Debug|Any CPU
		{7C219246-199D-4C86-AA9E-77BD5601D478}.Ad-Hoc|x64.ActiveCfg = Debug|Any CPU
		{7C219246-199D-4C86-AA9E-77BD5601D478}.Ad-Hoc|x64.Build.0 = Debug|Any CPU
		{7C219246-199D-4C86-AA9E-77BD5601D478}.Ad-Hoc|x86.ActiveCfg = Debug|Any CPU
		{7C219246-199D-4C86-AA9E-77BD5601D478}.Ad-Hoc|x86.Build.0 = Debug|Any CPU
		{7C219246-199D-4C86-AA9E-77BD5601D478}.AppStore|Any CPU.ActiveCfg = Debug|Any CPU
		{7C219246-199D-4C86-AA9E-77BD5601D478}.AppStore|Any CPU.Build.0 = Debug|Any CPU
		{7C219246-199D-4C86-AA9E-77BD5601D478}.AppStore|ARM.ActiveCfg = Debug|Any CPU
		{7C219246-199D-4C86-AA9E-77BD5601D478}.AppStore|ARM.Build.0 = Debug|Any CPU
		{7C219246-199D-4C86-AA9E-77BD5601D478}.AppStore|arm64.ActiveCfg = Test|Any CPU
		{7C219246-199D-4C86-AA9E-77BD5601D478}.AppStore|arm64.Build.0 = Test|Any CPU
		{7C219246-199D-4C86-AA9E-77BD5601D478}.AppStore|iPhone.ActiveCfg = Debug|Any CPU
		{7C219246-199D-4C86-AA9E-77BD5601D478}.AppStore|iPhone.Build.0 = Debug|Any CPU
		{7C219246-199D-4C86-AA9E-77BD5601D478}.AppStore|iPhoneSimulator.ActiveCfg = Debug|Any CPU
		{7C219246-199D-4C86-AA9E-77BD5601D478}.AppStore|iPhoneSimulator.Build.0 = Debug|Any CPU
		{7C219246-199D-4C86-AA9E-77BD5601D478}.AppStore|x64.ActiveCfg = Debug|Any CPU
		{7C219246-199D-4C86-AA9E-77BD5601D478}.AppStore|x64.Build.0 = Debug|Any CPU
		{7C219246-199D-4C86-AA9E-77BD5601D478}.AppStore|x86.ActiveCfg = Debug|Any CPU
		{7C219246-199D-4C86-AA9E-77BD5601D478}.AppStore|x86.Build.0 = Debug|Any CPU
		{7C219246-199D-4C86-AA9E-77BD5601D478}.Debug|Any CPU.ActiveCfg = Debug|Any CPU
		{7C219246-199D-4C86-AA9E-77BD5601D478}.Debug|Any CPU.Build.0 = Debug|Any CPU
		{7C219246-199D-4C86-AA9E-77BD5601D478}.Debug|ARM.ActiveCfg = Debug|Any CPU
		{7C219246-199D-4C86-AA9E-77BD5601D478}.Debug|ARM.Build.0 = Debug|Any CPU
		{7C219246-199D-4C86-AA9E-77BD5601D478}.Debug|arm64.ActiveCfg = Debug|Any CPU
		{7C219246-199D-4C86-AA9E-77BD5601D478}.Debug|arm64.Build.0 = Debug|Any CPU
		{7C219246-199D-4C86-AA9E-77BD5601D478}.Debug|iPhone.ActiveCfg = Debug|Any CPU
		{7C219246-199D-4C86-AA9E-77BD5601D478}.Debug|iPhone.Build.0 = Debug|Any CPU
		{7C219246-199D-4C86-AA9E-77BD5601D478}.Debug|iPhoneSimulator.ActiveCfg = Debug|Any CPU
		{7C219246-199D-4C86-AA9E-77BD5601D478}.Debug|iPhoneSimulator.Build.0 = Debug|Any CPU
		{7C219246-199D-4C86-AA9E-77BD5601D478}.Debug|x64.ActiveCfg = Debug|Any CPU
		{7C219246-199D-4C86-AA9E-77BD5601D478}.Debug|x64.Build.0 = Debug|Any CPU
		{7C219246-199D-4C86-AA9E-77BD5601D478}.Debug|x86.ActiveCfg = Debug|Any CPU
		{7C219246-199D-4C86-AA9E-77BD5601D478}.Debug|x86.Build.0 = Debug|Any CPU
		{7C219246-199D-4C86-AA9E-77BD5601D478}.Docker|Any CPU.ActiveCfg = Docker|Any CPU
		{7C219246-199D-4C86-AA9E-77BD5601D478}.Docker|Any CPU.Build.0 = Docker|Any CPU
		{7C219246-199D-4C86-AA9E-77BD5601D478}.Docker|ARM.ActiveCfg = Docker|Any CPU
		{7C219246-199D-4C86-AA9E-77BD5601D478}.Docker|ARM.Build.0 = Docker|Any CPU
		{7C219246-199D-4C86-AA9E-77BD5601D478}.Docker|arm64.ActiveCfg = Docker|Any CPU
		{7C219246-199D-4C86-AA9E-77BD5601D478}.Docker|arm64.Build.0 = Docker|Any CPU
		{7C219246-199D-4C86-AA9E-77BD5601D478}.Docker|iPhone.ActiveCfg = Docker|Any CPU
		{7C219246-199D-4C86-AA9E-77BD5601D478}.Docker|iPhone.Build.0 = Docker|Any CPU
		{7C219246-199D-4C86-AA9E-77BD5601D478}.Docker|iPhoneSimulator.ActiveCfg = Docker|Any CPU
		{7C219246-199D-4C86-AA9E-77BD5601D478}.Docker|iPhoneSimulator.Build.0 = Docker|Any CPU
		{7C219246-199D-4C86-AA9E-77BD5601D478}.Docker|x64.ActiveCfg = Docker|Any CPU
		{7C219246-199D-4C86-AA9E-77BD5601D478}.Docker|x64.Build.0 = Docker|Any CPU
		{7C219246-199D-4C86-AA9E-77BD5601D478}.Docker|x86.ActiveCfg = Docker|Any CPU
		{7C219246-199D-4C86-AA9E-77BD5601D478}.Docker|x86.Build.0 = Docker|Any CPU
		{7C219246-199D-4C86-AA9E-77BD5601D478}.Release|Any CPU.ActiveCfg = Release|Any CPU
		{7C219246-199D-4C86-AA9E-77BD5601D478}.Release|Any CPU.Build.0 = Release|Any CPU
		{7C219246-199D-4C86-AA9E-77BD5601D478}.Release|ARM.ActiveCfg = Release|Any CPU
		{7C219246-199D-4C86-AA9E-77BD5601D478}.Release|ARM.Build.0 = Release|Any CPU
		{7C219246-199D-4C86-AA9E-77BD5601D478}.Release|arm64.ActiveCfg = Release|Any CPU
		{7C219246-199D-4C86-AA9E-77BD5601D478}.Release|arm64.Build.0 = Release|Any CPU
		{7C219246-199D-4C86-AA9E-77BD5601D478}.Release|iPhone.ActiveCfg = Release|Any CPU
		{7C219246-199D-4C86-AA9E-77BD5601D478}.Release|iPhone.Build.0 = Release|Any CPU
		{7C219246-199D-4C86-AA9E-77BD5601D478}.Release|iPhoneSimulator.ActiveCfg = Release|Any CPU
		{7C219246-199D-4C86-AA9E-77BD5601D478}.Release|iPhoneSimulator.Build.0 = Release|Any CPU
		{7C219246-199D-4C86-AA9E-77BD5601D478}.Release|x64.ActiveCfg = Release|Any CPU
		{7C219246-199D-4C86-AA9E-77BD5601D478}.Release|x64.Build.0 = Release|Any CPU
		{7C219246-199D-4C86-AA9E-77BD5601D478}.Release|x86.ActiveCfg = Release|Any CPU
		{7C219246-199D-4C86-AA9E-77BD5601D478}.Release|x86.Build.0 = Release|Any CPU
		{7C219246-199D-4C86-AA9E-77BD5601D478}.Test|Any CPU.ActiveCfg = Test|Any CPU
		{7C219246-199D-4C86-AA9E-77BD5601D478}.Test|Any CPU.Build.0 = Test|Any CPU
		{7C219246-199D-4C86-AA9E-77BD5601D478}.Test|ARM.ActiveCfg = Test|Any CPU
		{7C219246-199D-4C86-AA9E-77BD5601D478}.Test|ARM.Build.0 = Test|Any CPU
		{7C219246-199D-4C86-AA9E-77BD5601D478}.Test|arm64.ActiveCfg = Test|Any CPU
		{7C219246-199D-4C86-AA9E-77BD5601D478}.Test|arm64.Build.0 = Test|Any CPU
		{7C219246-199D-4C86-AA9E-77BD5601D478}.Test|iPhone.ActiveCfg = Test|Any CPU
		{7C219246-199D-4C86-AA9E-77BD5601D478}.Test|iPhone.Build.0 = Test|Any CPU
		{7C219246-199D-4C86-AA9E-77BD5601D478}.Test|iPhoneSimulator.ActiveCfg = Test|Any CPU
		{7C219246-199D-4C86-AA9E-77BD5601D478}.Test|iPhoneSimulator.Build.0 = Test|Any CPU
		{7C219246-199D-4C86-AA9E-77BD5601D478}.Test|x64.ActiveCfg = Test|Any CPU
		{7C219246-199D-4C86-AA9E-77BD5601D478}.Test|x64.Build.0 = Test|Any CPU
		{7C219246-199D-4C86-AA9E-77BD5601D478}.Test|x86.ActiveCfg = Test|Any CPU
		{7C219246-199D-4C86-AA9E-77BD5601D478}.Test|x86.Build.0 = Test|Any CPU
		{51EAAD69-75B4-4DCE-B681-511985BACCE8}.Ad-Hoc|Any CPU.ActiveCfg = Release|Any CPU
		{51EAAD69-75B4-4DCE-B681-511985BACCE8}.Ad-Hoc|Any CPU.Build.0 = Release|Any CPU
		{51EAAD69-75B4-4DCE-B681-511985BACCE8}.Ad-Hoc|ARM.ActiveCfg = Release|Any CPU
		{51EAAD69-75B4-4DCE-B681-511985BACCE8}.Ad-Hoc|ARM.Build.0 = Release|Any CPU
		{51EAAD69-75B4-4DCE-B681-511985BACCE8}.Ad-Hoc|arm64.ActiveCfg = Test|Any CPU
		{51EAAD69-75B4-4DCE-B681-511985BACCE8}.Ad-Hoc|arm64.Build.0 = Test|Any CPU
		{51EAAD69-75B4-4DCE-B681-511985BACCE8}.Ad-Hoc|iPhone.ActiveCfg = Release|Any CPU
		{51EAAD69-75B4-4DCE-B681-511985BACCE8}.Ad-Hoc|iPhone.Build.0 = Release|Any CPU
		{51EAAD69-75B4-4DCE-B681-511985BACCE8}.Ad-Hoc|iPhoneSimulator.ActiveCfg = Release|Any CPU
		{51EAAD69-75B4-4DCE-B681-511985BACCE8}.Ad-Hoc|iPhoneSimulator.Build.0 = Release|Any CPU
		{51EAAD69-75B4-4DCE-B681-511985BACCE8}.Ad-Hoc|x64.ActiveCfg = Release|Any CPU
		{51EAAD69-75B4-4DCE-B681-511985BACCE8}.Ad-Hoc|x64.Build.0 = Release|Any CPU
		{51EAAD69-75B4-4DCE-B681-511985BACCE8}.Ad-Hoc|x86.ActiveCfg = Release|Any CPU
		{51EAAD69-75B4-4DCE-B681-511985BACCE8}.Ad-Hoc|x86.Build.0 = Release|Any CPU
		{51EAAD69-75B4-4DCE-B681-511985BACCE8}.AppStore|Any CPU.ActiveCfg = Release|Any CPU
		{51EAAD69-75B4-4DCE-B681-511985BACCE8}.AppStore|Any CPU.Build.0 = Release|Any CPU
		{51EAAD69-75B4-4DCE-B681-511985BACCE8}.AppStore|ARM.ActiveCfg = Release|Any CPU
		{51EAAD69-75B4-4DCE-B681-511985BACCE8}.AppStore|ARM.Build.0 = Release|Any CPU
		{51EAAD69-75B4-4DCE-B681-511985BACCE8}.AppStore|arm64.ActiveCfg = Test|Any CPU
		{51EAAD69-75B4-4DCE-B681-511985BACCE8}.AppStore|arm64.Build.0 = Test|Any CPU
		{51EAAD69-75B4-4DCE-B681-511985BACCE8}.AppStore|iPhone.ActiveCfg = Release|Any CPU
		{51EAAD69-75B4-4DCE-B681-511985BACCE8}.AppStore|iPhone.Build.0 = Release|Any CPU
		{51EAAD69-75B4-4DCE-B681-511985BACCE8}.AppStore|iPhoneSimulator.ActiveCfg = Release|Any CPU
		{51EAAD69-75B4-4DCE-B681-511985BACCE8}.AppStore|iPhoneSimulator.Build.0 = Release|Any CPU
		{51EAAD69-75B4-4DCE-B681-511985BACCE8}.AppStore|x64.ActiveCfg = Release|Any CPU
		{51EAAD69-75B4-4DCE-B681-511985BACCE8}.AppStore|x64.Build.0 = Release|Any CPU
		{51EAAD69-75B4-4DCE-B681-511985BACCE8}.AppStore|x86.ActiveCfg = Release|Any CPU
		{51EAAD69-75B4-4DCE-B681-511985BACCE8}.AppStore|x86.Build.0 = Release|Any CPU
		{51EAAD69-75B4-4DCE-B681-511985BACCE8}.Debug|Any CPU.ActiveCfg = Debug|Any CPU
		{51EAAD69-75B4-4DCE-B681-511985BACCE8}.Debug|Any CPU.Build.0 = Debug|Any CPU
		{51EAAD69-75B4-4DCE-B681-511985BACCE8}.Debug|ARM.ActiveCfg = Debug|Any CPU
		{51EAAD69-75B4-4DCE-B681-511985BACCE8}.Debug|ARM.Build.0 = Debug|Any CPU
		{51EAAD69-75B4-4DCE-B681-511985BACCE8}.Debug|arm64.ActiveCfg = Debug|Any CPU
		{51EAAD69-75B4-4DCE-B681-511985BACCE8}.Debug|arm64.Build.0 = Debug|Any CPU
		{51EAAD69-75B4-4DCE-B681-511985BACCE8}.Debug|iPhone.ActiveCfg = Debug|Any CPU
		{51EAAD69-75B4-4DCE-B681-511985BACCE8}.Debug|iPhone.Build.0 = Debug|Any CPU
		{51EAAD69-75B4-4DCE-B681-511985BACCE8}.Debug|iPhoneSimulator.ActiveCfg = Debug|Any CPU
		{51EAAD69-75B4-4DCE-B681-511985BACCE8}.Debug|iPhoneSimulator.Build.0 = Debug|Any CPU
		{51EAAD69-75B4-4DCE-B681-511985BACCE8}.Debug|x64.ActiveCfg = Debug|Any CPU
		{51EAAD69-75B4-4DCE-B681-511985BACCE8}.Debug|x64.Build.0 = Debug|Any CPU
		{51EAAD69-75B4-4DCE-B681-511985BACCE8}.Debug|x86.ActiveCfg = Debug|Any CPU
		{51EAAD69-75B4-4DCE-B681-511985BACCE8}.Debug|x86.Build.0 = Debug|Any CPU
		{51EAAD69-75B4-4DCE-B681-511985BACCE8}.Docker|Any CPU.ActiveCfg = Docker|Any CPU
		{51EAAD69-75B4-4DCE-B681-511985BACCE8}.Docker|Any CPU.Build.0 = Docker|Any CPU
		{51EAAD69-75B4-4DCE-B681-511985BACCE8}.Docker|ARM.ActiveCfg = Docker|Any CPU
		{51EAAD69-75B4-4DCE-B681-511985BACCE8}.Docker|ARM.Build.0 = Docker|Any CPU
		{51EAAD69-75B4-4DCE-B681-511985BACCE8}.Docker|arm64.ActiveCfg = Docker|Any CPU
		{51EAAD69-75B4-4DCE-B681-511985BACCE8}.Docker|arm64.Build.0 = Docker|Any CPU
		{51EAAD69-75B4-4DCE-B681-511985BACCE8}.Docker|iPhone.ActiveCfg = Docker|Any CPU
		{51EAAD69-75B4-4DCE-B681-511985BACCE8}.Docker|iPhone.Build.0 = Docker|Any CPU
		{51EAAD69-75B4-4DCE-B681-511985BACCE8}.Docker|iPhoneSimulator.ActiveCfg = Docker|Any CPU
		{51EAAD69-75B4-4DCE-B681-511985BACCE8}.Docker|iPhoneSimulator.Build.0 = Docker|Any CPU
		{51EAAD69-75B4-4DCE-B681-511985BACCE8}.Docker|x64.ActiveCfg = Docker|Any CPU
		{51EAAD69-75B4-4DCE-B681-511985BACCE8}.Docker|x86.ActiveCfg = Docker|Any CPU
		{51EAAD69-75B4-4DCE-B681-511985BACCE8}.Docker|x86.Build.0 = Docker|Any CPU
		{51EAAD69-75B4-4DCE-B681-511985BACCE8}.Release|Any CPU.ActiveCfg = Release|Any CPU
		{51EAAD69-75B4-4DCE-B681-511985BACCE8}.Release|Any CPU.Build.0 = Release|Any CPU
		{51EAAD69-75B4-4DCE-B681-511985BACCE8}.Release|ARM.ActiveCfg = Release|Any CPU
		{51EAAD69-75B4-4DCE-B681-511985BACCE8}.Release|ARM.Build.0 = Release|Any CPU
		{51EAAD69-75B4-4DCE-B681-511985BACCE8}.Release|arm64.ActiveCfg = Release|Any CPU
		{51EAAD69-75B4-4DCE-B681-511985BACCE8}.Release|arm64.Build.0 = Release|Any CPU
		{51EAAD69-75B4-4DCE-B681-511985BACCE8}.Release|iPhone.ActiveCfg = Release|Any CPU
		{51EAAD69-75B4-4DCE-B681-511985BACCE8}.Release|iPhone.Build.0 = Release|Any CPU
		{51EAAD69-75B4-4DCE-B681-511985BACCE8}.Release|iPhoneSimulator.ActiveCfg = Release|Any CPU
		{51EAAD69-75B4-4DCE-B681-511985BACCE8}.Release|iPhoneSimulator.Build.0 = Release|Any CPU
		{51EAAD69-75B4-4DCE-B681-511985BACCE8}.Release|x64.ActiveCfg = Release|Any CPU
		{51EAAD69-75B4-4DCE-B681-511985BACCE8}.Release|x64.Build.0 = Release|Any CPU
		{51EAAD69-75B4-4DCE-B681-511985BACCE8}.Release|x86.ActiveCfg = Release|Any CPU
		{51EAAD69-75B4-4DCE-B681-511985BACCE8}.Release|x86.Build.0 = Release|Any CPU
		{51EAAD69-75B4-4DCE-B681-511985BACCE8}.Test|Any CPU.ActiveCfg = Test|Any CPU
		{51EAAD69-75B4-4DCE-B681-511985BACCE8}.Test|Any CPU.Build.0 = Test|Any CPU
		{51EAAD69-75B4-4DCE-B681-511985BACCE8}.Test|ARM.ActiveCfg = Test|Any CPU
		{51EAAD69-75B4-4DCE-B681-511985BACCE8}.Test|ARM.Build.0 = Test|Any CPU
		{51EAAD69-75B4-4DCE-B681-511985BACCE8}.Test|arm64.ActiveCfg = Test|Any CPU
		{51EAAD69-75B4-4DCE-B681-511985BACCE8}.Test|arm64.Build.0 = Test|Any CPU
		{51EAAD69-75B4-4DCE-B681-511985BACCE8}.Test|iPhone.ActiveCfg = Test|Any CPU
		{51EAAD69-75B4-4DCE-B681-511985BACCE8}.Test|iPhone.Build.0 = Test|Any CPU
		{51EAAD69-75B4-4DCE-B681-511985BACCE8}.Test|iPhoneSimulator.ActiveCfg = Test|Any CPU
		{51EAAD69-75B4-4DCE-B681-511985BACCE8}.Test|iPhoneSimulator.Build.0 = Test|Any CPU
		{51EAAD69-75B4-4DCE-B681-511985BACCE8}.Test|x64.ActiveCfg = Test|Any CPU
		{51EAAD69-75B4-4DCE-B681-511985BACCE8}.Test|x64.Build.0 = Test|Any CPU
		{51EAAD69-75B4-4DCE-B681-511985BACCE8}.Test|x86.ActiveCfg = Test|Any CPU
		{3B06C4A0-10EA-4891-A6A7-3D34A1C6E527}.Ad-Hoc|Any CPU.ActiveCfg = Release|x86
		{3B06C4A0-10EA-4891-A6A7-3D34A1C6E527}.Ad-Hoc|Any CPU.Build.0 = Release|x86
		{3B06C4A0-10EA-4891-A6A7-3D34A1C6E527}.Ad-Hoc|ARM.ActiveCfg = Release|x86
		{3B06C4A0-10EA-4891-A6A7-3D34A1C6E527}.Ad-Hoc|ARM.Build.0 = Release|x86
		{3B06C4A0-10EA-4891-A6A7-3D34A1C6E527}.Ad-Hoc|arm64.ActiveCfg = Debug|x86
		{3B06C4A0-10EA-4891-A6A7-3D34A1C6E527}.Ad-Hoc|iPhone.ActiveCfg = Release|x86
		{3B06C4A0-10EA-4891-A6A7-3D34A1C6E527}.Ad-Hoc|iPhone.Build.0 = Release|x86
		{3B06C4A0-10EA-4891-A6A7-3D34A1C6E527}.Ad-Hoc|iPhoneSimulator.ActiveCfg = Release|x86
		{3B06C4A0-10EA-4891-A6A7-3D34A1C6E527}.Ad-Hoc|iPhoneSimulator.Build.0 = Release|x86
		{3B06C4A0-10EA-4891-A6A7-3D34A1C6E527}.Ad-Hoc|x64.ActiveCfg = Release|x86
		{3B06C4A0-10EA-4891-A6A7-3D34A1C6E527}.Ad-Hoc|x64.Build.0 = Release|x86
		{3B06C4A0-10EA-4891-A6A7-3D34A1C6E527}.Ad-Hoc|x86.ActiveCfg = Release|x86
		{3B06C4A0-10EA-4891-A6A7-3D34A1C6E527}.Ad-Hoc|x86.Build.0 = Release|x86
		{3B06C4A0-10EA-4891-A6A7-3D34A1C6E527}.AppStore|Any CPU.ActiveCfg = Release|x86
		{3B06C4A0-10EA-4891-A6A7-3D34A1C6E527}.AppStore|Any CPU.Build.0 = Release|x86
		{3B06C4A0-10EA-4891-A6A7-3D34A1C6E527}.AppStore|ARM.ActiveCfg = Release|x86
		{3B06C4A0-10EA-4891-A6A7-3D34A1C6E527}.AppStore|ARM.Build.0 = Release|x86
		{3B06C4A0-10EA-4891-A6A7-3D34A1C6E527}.AppStore|arm64.ActiveCfg = Debug|x86
		{3B06C4A0-10EA-4891-A6A7-3D34A1C6E527}.AppStore|iPhone.ActiveCfg = Release|x86
		{3B06C4A0-10EA-4891-A6A7-3D34A1C6E527}.AppStore|iPhone.Build.0 = Release|x86
		{3B06C4A0-10EA-4891-A6A7-3D34A1C6E527}.AppStore|iPhoneSimulator.ActiveCfg = Release|x86
		{3B06C4A0-10EA-4891-A6A7-3D34A1C6E527}.AppStore|iPhoneSimulator.Build.0 = Release|x86
		{3B06C4A0-10EA-4891-A6A7-3D34A1C6E527}.AppStore|x64.ActiveCfg = Release|x86
		{3B06C4A0-10EA-4891-A6A7-3D34A1C6E527}.AppStore|x64.Build.0 = Release|x86
		{3B06C4A0-10EA-4891-A6A7-3D34A1C6E527}.AppStore|x86.ActiveCfg = Release|x86
		{3B06C4A0-10EA-4891-A6A7-3D34A1C6E527}.AppStore|x86.Build.0 = Release|x86
		{3B06C4A0-10EA-4891-A6A7-3D34A1C6E527}.Debug|Any CPU.ActiveCfg = Debug|x86
		{3B06C4A0-10EA-4891-A6A7-3D34A1C6E527}.Debug|ARM.ActiveCfg = Debug|x86
		{3B06C4A0-10EA-4891-A6A7-3D34A1C6E527}.Debug|arm64.ActiveCfg = Debug|x86
		{3B06C4A0-10EA-4891-A6A7-3D34A1C6E527}.Debug|iPhone.ActiveCfg = Debug|x86
		{3B06C4A0-10EA-4891-A6A7-3D34A1C6E527}.Debug|iPhoneSimulator.ActiveCfg = Debug|x86
		{3B06C4A0-10EA-4891-A6A7-3D34A1C6E527}.Debug|x64.ActiveCfg = Debug|x86
		{3B06C4A0-10EA-4891-A6A7-3D34A1C6E527}.Debug|x86.ActiveCfg = Debug|x86
		{3B06C4A0-10EA-4891-A6A7-3D34A1C6E527}.Debug|x86.Build.0 = Debug|x86
		{3B06C4A0-10EA-4891-A6A7-3D34A1C6E527}.Docker|Any CPU.ActiveCfg = Debug|x86
		{3B06C4A0-10EA-4891-A6A7-3D34A1C6E527}.Docker|ARM.ActiveCfg = Debug|x86
		{3B06C4A0-10EA-4891-A6A7-3D34A1C6E527}.Docker|arm64.ActiveCfg = Debug|x86
		{3B06C4A0-10EA-4891-A6A7-3D34A1C6E527}.Docker|iPhone.ActiveCfg = Debug|x86
		{3B06C4A0-10EA-4891-A6A7-3D34A1C6E527}.Docker|iPhoneSimulator.ActiveCfg = Debug|x86
		{3B06C4A0-10EA-4891-A6A7-3D34A1C6E527}.Docker|x64.ActiveCfg = Debug|x86
		{3B06C4A0-10EA-4891-A6A7-3D34A1C6E527}.Docker|x86.ActiveCfg = Debug|x86
		{3B06C4A0-10EA-4891-A6A7-3D34A1C6E527}.Release|Any CPU.ActiveCfg = Release|x86
		{3B06C4A0-10EA-4891-A6A7-3D34A1C6E527}.Release|ARM.ActiveCfg = Release|x86
		{3B06C4A0-10EA-4891-A6A7-3D34A1C6E527}.Release|arm64.ActiveCfg = Release|x86
		{3B06C4A0-10EA-4891-A6A7-3D34A1C6E527}.Release|iPhone.ActiveCfg = Release|x86
		{3B06C4A0-10EA-4891-A6A7-3D34A1C6E527}.Release|iPhoneSimulator.ActiveCfg = Release|x86
		{3B06C4A0-10EA-4891-A6A7-3D34A1C6E527}.Release|x64.ActiveCfg = Release|x86
		{3B06C4A0-10EA-4891-A6A7-3D34A1C6E527}.Release|x86.ActiveCfg = Release|x86
		{3B06C4A0-10EA-4891-A6A7-3D34A1C6E527}.Release|x86.Build.0 = Release|x86
		{3B06C4A0-10EA-4891-A6A7-3D34A1C6E527}.Test|Any CPU.ActiveCfg = Debug|x86
		{3B06C4A0-10EA-4891-A6A7-3D34A1C6E527}.Test|Any CPU.Build.0 = Debug|x86
		{3B06C4A0-10EA-4891-A6A7-3D34A1C6E527}.Test|ARM.ActiveCfg = Debug|x86
		{3B06C4A0-10EA-4891-A6A7-3D34A1C6E527}.Test|ARM.Build.0 = Debug|x86
		{3B06C4A0-10EA-4891-A6A7-3D34A1C6E527}.Test|arm64.ActiveCfg = Debug|x86
		{3B06C4A0-10EA-4891-A6A7-3D34A1C6E527}.Test|iPhone.ActiveCfg = Debug|x86
		{3B06C4A0-10EA-4891-A6A7-3D34A1C6E527}.Test|iPhone.Build.0 = Debug|x86
		{3B06C4A0-10EA-4891-A6A7-3D34A1C6E527}.Test|iPhoneSimulator.ActiveCfg = Debug|x86
		{3B06C4A0-10EA-4891-A6A7-3D34A1C6E527}.Test|iPhoneSimulator.Build.0 = Debug|x86
		{3B06C4A0-10EA-4891-A6A7-3D34A1C6E527}.Test|x64.ActiveCfg = Debug|x86
		{3B06C4A0-10EA-4891-A6A7-3D34A1C6E527}.Test|x86.ActiveCfg = Debug|x86
		{4C8C565B-2294-4579-93EA-AB530F5EDFBB}.Ad-Hoc|Any CPU.ActiveCfg = Debug|Any CPU
		{4C8C565B-2294-4579-93EA-AB530F5EDFBB}.Ad-Hoc|Any CPU.Build.0 = Debug|Any CPU
		{4C8C565B-2294-4579-93EA-AB530F5EDFBB}.Ad-Hoc|ARM.ActiveCfg = Debug|Any CPU
		{4C8C565B-2294-4579-93EA-AB530F5EDFBB}.Ad-Hoc|ARM.Build.0 = Debug|Any CPU
		{4C8C565B-2294-4579-93EA-AB530F5EDFBB}.Ad-Hoc|arm64.ActiveCfg = Test|Any CPU
		{4C8C565B-2294-4579-93EA-AB530F5EDFBB}.Ad-Hoc|arm64.Build.0 = Test|Any CPU
		{4C8C565B-2294-4579-93EA-AB530F5EDFBB}.Ad-Hoc|iPhone.ActiveCfg = Debug|Any CPU
		{4C8C565B-2294-4579-93EA-AB530F5EDFBB}.Ad-Hoc|iPhone.Build.0 = Debug|Any CPU
		{4C8C565B-2294-4579-93EA-AB530F5EDFBB}.Ad-Hoc|iPhoneSimulator.ActiveCfg = Debug|Any CPU
		{4C8C565B-2294-4579-93EA-AB530F5EDFBB}.Ad-Hoc|iPhoneSimulator.Build.0 = Debug|Any CPU
		{4C8C565B-2294-4579-93EA-AB530F5EDFBB}.Ad-Hoc|x64.ActiveCfg = Debug|Any CPU
		{4C8C565B-2294-4579-93EA-AB530F5EDFBB}.Ad-Hoc|x64.Build.0 = Debug|Any CPU
		{4C8C565B-2294-4579-93EA-AB530F5EDFBB}.Ad-Hoc|x86.ActiveCfg = Debug|Any CPU
		{4C8C565B-2294-4579-93EA-AB530F5EDFBB}.Ad-Hoc|x86.Build.0 = Debug|Any CPU
		{4C8C565B-2294-4579-93EA-AB530F5EDFBB}.AppStore|Any CPU.ActiveCfg = Debug|Any CPU
		{4C8C565B-2294-4579-93EA-AB530F5EDFBB}.AppStore|Any CPU.Build.0 = Debug|Any CPU
		{4C8C565B-2294-4579-93EA-AB530F5EDFBB}.AppStore|ARM.ActiveCfg = Debug|Any CPU
		{4C8C565B-2294-4579-93EA-AB530F5EDFBB}.AppStore|ARM.Build.0 = Debug|Any CPU
		{4C8C565B-2294-4579-93EA-AB530F5EDFBB}.AppStore|arm64.ActiveCfg = Test|Any CPU
		{4C8C565B-2294-4579-93EA-AB530F5EDFBB}.AppStore|arm64.Build.0 = Test|Any CPU
		{4C8C565B-2294-4579-93EA-AB530F5EDFBB}.AppStore|iPhone.ActiveCfg = Debug|Any CPU
		{4C8C565B-2294-4579-93EA-AB530F5EDFBB}.AppStore|iPhone.Build.0 = Debug|Any CPU
		{4C8C565B-2294-4579-93EA-AB530F5EDFBB}.AppStore|iPhoneSimulator.ActiveCfg = Debug|Any CPU
		{4C8C565B-2294-4579-93EA-AB530F5EDFBB}.AppStore|iPhoneSimulator.Build.0 = Debug|Any CPU
		{4C8C565B-2294-4579-93EA-AB530F5EDFBB}.AppStore|x64.ActiveCfg = Debug|Any CPU
		{4C8C565B-2294-4579-93EA-AB530F5EDFBB}.AppStore|x64.Build.0 = Debug|Any CPU
		{4C8C565B-2294-4579-93EA-AB530F5EDFBB}.AppStore|x86.ActiveCfg = Debug|Any CPU
		{4C8C565B-2294-4579-93EA-AB530F5EDFBB}.AppStore|x86.Build.0 = Debug|Any CPU
		{4C8C565B-2294-4579-93EA-AB530F5EDFBB}.Debug|Any CPU.ActiveCfg = Debug|Any CPU
		{4C8C565B-2294-4579-93EA-AB530F5EDFBB}.Debug|Any CPU.Build.0 = Debug|Any CPU
		{4C8C565B-2294-4579-93EA-AB530F5EDFBB}.Debug|ARM.ActiveCfg = Debug|Any CPU
		{4C8C565B-2294-4579-93EA-AB530F5EDFBB}.Debug|ARM.Build.0 = Debug|Any CPU
		{4C8C565B-2294-4579-93EA-AB530F5EDFBB}.Debug|arm64.ActiveCfg = Debug|Any CPU
		{4C8C565B-2294-4579-93EA-AB530F5EDFBB}.Debug|arm64.Build.0 = Debug|Any CPU
		{4C8C565B-2294-4579-93EA-AB530F5EDFBB}.Debug|iPhone.ActiveCfg = Debug|Any CPU
		{4C8C565B-2294-4579-93EA-AB530F5EDFBB}.Debug|iPhone.Build.0 = Debug|Any CPU
		{4C8C565B-2294-4579-93EA-AB530F5EDFBB}.Debug|iPhoneSimulator.ActiveCfg = Debug|Any CPU
		{4C8C565B-2294-4579-93EA-AB530F5EDFBB}.Debug|iPhoneSimulator.Build.0 = Debug|Any CPU
		{4C8C565B-2294-4579-93EA-AB530F5EDFBB}.Debug|x64.ActiveCfg = Debug|Any CPU
		{4C8C565B-2294-4579-93EA-AB530F5EDFBB}.Debug|x64.Build.0 = Debug|Any CPU
		{4C8C565B-2294-4579-93EA-AB530F5EDFBB}.Debug|x86.ActiveCfg = Debug|Any CPU
		{4C8C565B-2294-4579-93EA-AB530F5EDFBB}.Debug|x86.Build.0 = Debug|Any CPU
		{4C8C565B-2294-4579-93EA-AB530F5EDFBB}.Docker|Any CPU.ActiveCfg = Docker|Any CPU
		{4C8C565B-2294-4579-93EA-AB530F5EDFBB}.Docker|Any CPU.Build.0 = Docker|Any CPU
		{4C8C565B-2294-4579-93EA-AB530F5EDFBB}.Docker|ARM.ActiveCfg = Docker|Any CPU
		{4C8C565B-2294-4579-93EA-AB530F5EDFBB}.Docker|ARM.Build.0 = Docker|Any CPU
		{4C8C565B-2294-4579-93EA-AB530F5EDFBB}.Docker|arm64.ActiveCfg = Docker|Any CPU
		{4C8C565B-2294-4579-93EA-AB530F5EDFBB}.Docker|arm64.Build.0 = Docker|Any CPU
		{4C8C565B-2294-4579-93EA-AB530F5EDFBB}.Docker|iPhone.ActiveCfg = Docker|Any CPU
		{4C8C565B-2294-4579-93EA-AB530F5EDFBB}.Docker|iPhone.Build.0 = Docker|Any CPU
		{4C8C565B-2294-4579-93EA-AB530F5EDFBB}.Docker|iPhoneSimulator.ActiveCfg = Docker|Any CPU
		{4C8C565B-2294-4579-93EA-AB530F5EDFBB}.Docker|iPhoneSimulator.Build.0 = Docker|Any CPU
		{4C8C565B-2294-4579-93EA-AB530F5EDFBB}.Docker|x64.ActiveCfg = Docker|Any CPU
		{4C8C565B-2294-4579-93EA-AB530F5EDFBB}.Docker|x64.Build.0 = Docker|Any CPU
		{4C8C565B-2294-4579-93EA-AB530F5EDFBB}.Docker|x86.ActiveCfg = Docker|Any CPU
		{4C8C565B-2294-4579-93EA-AB530F5EDFBB}.Docker|x86.Build.0 = Docker|Any CPU
		{4C8C565B-2294-4579-93EA-AB530F5EDFBB}.Release|Any CPU.ActiveCfg = Release|Any CPU
		{4C8C565B-2294-4579-93EA-AB530F5EDFBB}.Release|Any CPU.Build.0 = Release|Any CPU
		{4C8C565B-2294-4579-93EA-AB530F5EDFBB}.Release|ARM.ActiveCfg = Release|Any CPU
		{4C8C565B-2294-4579-93EA-AB530F5EDFBB}.Release|ARM.Build.0 = Release|Any CPU
		{4C8C565B-2294-4579-93EA-AB530F5EDFBB}.Release|arm64.ActiveCfg = Release|Any CPU
		{4C8C565B-2294-4579-93EA-AB530F5EDFBB}.Release|arm64.Build.0 = Release|Any CPU
		{4C8C565B-2294-4579-93EA-AB530F5EDFBB}.Release|iPhone.ActiveCfg = Release|Any CPU
		{4C8C565B-2294-4579-93EA-AB530F5EDFBB}.Release|iPhone.Build.0 = Release|Any CPU
		{4C8C565B-2294-4579-93EA-AB530F5EDFBB}.Release|iPhoneSimulator.ActiveCfg = Release|Any CPU
		{4C8C565B-2294-4579-93EA-AB530F5EDFBB}.Release|iPhoneSimulator.Build.0 = Release|Any CPU
		{4C8C565B-2294-4579-93EA-AB530F5EDFBB}.Release|x64.ActiveCfg = Release|Any CPU
		{4C8C565B-2294-4579-93EA-AB530F5EDFBB}.Release|x64.Build.0 = Release|Any CPU
		{4C8C565B-2294-4579-93EA-AB530F5EDFBB}.Release|x86.ActiveCfg = Release|Any CPU
		{4C8C565B-2294-4579-93EA-AB530F5EDFBB}.Release|x86.Build.0 = Release|Any CPU
		{4C8C565B-2294-4579-93EA-AB530F5EDFBB}.Test|Any CPU.ActiveCfg = Test|Any CPU
		{4C8C565B-2294-4579-93EA-AB530F5EDFBB}.Test|Any CPU.Build.0 = Test|Any CPU
		{4C8C565B-2294-4579-93EA-AB530F5EDFBB}.Test|ARM.ActiveCfg = Test|Any CPU
		{4C8C565B-2294-4579-93EA-AB530F5EDFBB}.Test|ARM.Build.0 = Test|Any CPU
		{4C8C565B-2294-4579-93EA-AB530F5EDFBB}.Test|arm64.ActiveCfg = Test|Any CPU
		{4C8C565B-2294-4579-93EA-AB530F5EDFBB}.Test|arm64.Build.0 = Test|Any CPU
		{4C8C565B-2294-4579-93EA-AB530F5EDFBB}.Test|iPhone.ActiveCfg = Test|Any CPU
		{4C8C565B-2294-4579-93EA-AB530F5EDFBB}.Test|iPhone.Build.0 = Test|Any CPU
		{4C8C565B-2294-4579-93EA-AB530F5EDFBB}.Test|iPhoneSimulator.ActiveCfg = Test|Any CPU
		{4C8C565B-2294-4579-93EA-AB530F5EDFBB}.Test|iPhoneSimulator.Build.0 = Test|Any CPU
		{4C8C565B-2294-4579-93EA-AB530F5EDFBB}.Test|x64.ActiveCfg = Test|Any CPU
		{4C8C565B-2294-4579-93EA-AB530F5EDFBB}.Test|x64.Build.0 = Test|Any CPU
		{4C8C565B-2294-4579-93EA-AB530F5EDFBB}.Test|x86.ActiveCfg = Test|Any CPU
		{4C8C565B-2294-4579-93EA-AB530F5EDFBB}.Test|x86.Build.0 = Test|Any CPU
		{A1452785-63CE-4667-A341-00C4E85CC56E}.Ad-Hoc|Any CPU.ActiveCfg = Debug|Any CPU
		{A1452785-63CE-4667-A341-00C4E85CC56E}.Ad-Hoc|Any CPU.Build.0 = Debug|Any CPU
		{A1452785-63CE-4667-A341-00C4E85CC56E}.Ad-Hoc|ARM.ActiveCfg = Debug|Any CPU
		{A1452785-63CE-4667-A341-00C4E85CC56E}.Ad-Hoc|ARM.Build.0 = Debug|Any CPU
		{A1452785-63CE-4667-A341-00C4E85CC56E}.Ad-Hoc|arm64.ActiveCfg = Release|Any CPU
		{A1452785-63CE-4667-A341-00C4E85CC56E}.Ad-Hoc|arm64.Build.0 = Release|Any CPU
		{A1452785-63CE-4667-A341-00C4E85CC56E}.Ad-Hoc|iPhone.ActiveCfg = Debug|Any CPU
		{A1452785-63CE-4667-A341-00C4E85CC56E}.Ad-Hoc|iPhone.Build.0 = Debug|Any CPU
		{A1452785-63CE-4667-A341-00C4E85CC56E}.Ad-Hoc|iPhoneSimulator.ActiveCfg = Debug|Any CPU
		{A1452785-63CE-4667-A341-00C4E85CC56E}.Ad-Hoc|iPhoneSimulator.Build.0 = Debug|Any CPU
		{A1452785-63CE-4667-A341-00C4E85CC56E}.Ad-Hoc|x64.ActiveCfg = Debug|Any CPU
		{A1452785-63CE-4667-A341-00C4E85CC56E}.Ad-Hoc|x64.Build.0 = Debug|Any CPU
		{A1452785-63CE-4667-A341-00C4E85CC56E}.Ad-Hoc|x86.ActiveCfg = Debug|Any CPU
		{A1452785-63CE-4667-A341-00C4E85CC56E}.Ad-Hoc|x86.Build.0 = Debug|Any CPU
		{A1452785-63CE-4667-A341-00C4E85CC56E}.AppStore|Any CPU.ActiveCfg = Debug|Any CPU
		{A1452785-63CE-4667-A341-00C4E85CC56E}.AppStore|Any CPU.Build.0 = Debug|Any CPU
		{A1452785-63CE-4667-A341-00C4E85CC56E}.AppStore|ARM.ActiveCfg = Debug|Any CPU
		{A1452785-63CE-4667-A341-00C4E85CC56E}.AppStore|ARM.Build.0 = Debug|Any CPU
		{A1452785-63CE-4667-A341-00C4E85CC56E}.AppStore|arm64.ActiveCfg = Release|Any CPU
		{A1452785-63CE-4667-A341-00C4E85CC56E}.AppStore|arm64.Build.0 = Release|Any CPU
		{A1452785-63CE-4667-A341-00C4E85CC56E}.AppStore|iPhone.ActiveCfg = Debug|Any CPU
		{A1452785-63CE-4667-A341-00C4E85CC56E}.AppStore|iPhone.Build.0 = Debug|Any CPU
		{A1452785-63CE-4667-A341-00C4E85CC56E}.AppStore|iPhoneSimulator.ActiveCfg = Debug|Any CPU
		{A1452785-63CE-4667-A341-00C4E85CC56E}.AppStore|iPhoneSimulator.Build.0 = Debug|Any CPU
		{A1452785-63CE-4667-A341-00C4E85CC56E}.AppStore|x64.ActiveCfg = Debug|Any CPU
		{A1452785-63CE-4667-A341-00C4E85CC56E}.AppStore|x64.Build.0 = Debug|Any CPU
		{A1452785-63CE-4667-A341-00C4E85CC56E}.AppStore|x86.ActiveCfg = Debug|Any CPU
		{A1452785-63CE-4667-A341-00C4E85CC56E}.AppStore|x86.Build.0 = Debug|Any CPU
		{A1452785-63CE-4667-A341-00C4E85CC56E}.Debug|Any CPU.ActiveCfg = Debug|Any CPU
		{A1452785-63CE-4667-A341-00C4E85CC56E}.Debug|Any CPU.Build.0 = Debug|Any CPU
		{A1452785-63CE-4667-A341-00C4E85CC56E}.Debug|ARM.ActiveCfg = Debug|Any CPU
		{A1452785-63CE-4667-A341-00C4E85CC56E}.Debug|ARM.Build.0 = Debug|Any CPU
		{A1452785-63CE-4667-A341-00C4E85CC56E}.Debug|arm64.ActiveCfg = Debug|Any CPU
		{A1452785-63CE-4667-A341-00C4E85CC56E}.Debug|arm64.Build.0 = Debug|Any CPU
		{A1452785-63CE-4667-A341-00C4E85CC56E}.Debug|iPhone.ActiveCfg = Debug|Any CPU
		{A1452785-63CE-4667-A341-00C4E85CC56E}.Debug|iPhone.Build.0 = Debug|Any CPU
		{A1452785-63CE-4667-A341-00C4E85CC56E}.Debug|iPhoneSimulator.ActiveCfg = Debug|Any CPU
		{A1452785-63CE-4667-A341-00C4E85CC56E}.Debug|iPhoneSimulator.Build.0 = Debug|Any CPU
		{A1452785-63CE-4667-A341-00C4E85CC56E}.Debug|x64.ActiveCfg = Debug|Any CPU
		{A1452785-63CE-4667-A341-00C4E85CC56E}.Debug|x64.Build.0 = Debug|Any CPU
		{A1452785-63CE-4667-A341-00C4E85CC56E}.Debug|x86.ActiveCfg = Debug|Any CPU
		{A1452785-63CE-4667-A341-00C4E85CC56E}.Debug|x86.Build.0 = Debug|Any CPU
		{A1452785-63CE-4667-A341-00C4E85CC56E}.Docker|Any CPU.ActiveCfg = Docker|Any CPU
		{A1452785-63CE-4667-A341-00C4E85CC56E}.Docker|Any CPU.Build.0 = Docker|Any CPU
		{A1452785-63CE-4667-A341-00C4E85CC56E}.Docker|ARM.ActiveCfg = Docker|Any CPU
		{A1452785-63CE-4667-A341-00C4E85CC56E}.Docker|ARM.Build.0 = Docker|Any CPU
		{A1452785-63CE-4667-A341-00C4E85CC56E}.Docker|arm64.ActiveCfg = Docker|Any CPU
		{A1452785-63CE-4667-A341-00C4E85CC56E}.Docker|arm64.Build.0 = Docker|Any CPU
		{A1452785-63CE-4667-A341-00C4E85CC56E}.Docker|iPhone.ActiveCfg = Docker|Any CPU
		{A1452785-63CE-4667-A341-00C4E85CC56E}.Docker|iPhone.Build.0 = Docker|Any CPU
		{A1452785-63CE-4667-A341-00C4E85CC56E}.Docker|iPhoneSimulator.ActiveCfg = Docker|Any CPU
		{A1452785-63CE-4667-A341-00C4E85CC56E}.Docker|iPhoneSimulator.Build.0 = Docker|Any CPU
		{A1452785-63CE-4667-A341-00C4E85CC56E}.Docker|x64.ActiveCfg = Docker|Any CPU
		{A1452785-63CE-4667-A341-00C4E85CC56E}.Docker|x64.Build.0 = Docker|Any CPU
		{A1452785-63CE-4667-A341-00C4E85CC56E}.Docker|x86.ActiveCfg = Docker|Any CPU
		{A1452785-63CE-4667-A341-00C4E85CC56E}.Docker|x86.Build.0 = Docker|Any CPU
		{A1452785-63CE-4667-A341-00C4E85CC56E}.Release|Any CPU.ActiveCfg = Release|Any CPU
		{A1452785-63CE-4667-A341-00C4E85CC56E}.Release|Any CPU.Build.0 = Release|Any CPU
		{A1452785-63CE-4667-A341-00C4E85CC56E}.Release|ARM.ActiveCfg = Release|Any CPU
		{A1452785-63CE-4667-A341-00C4E85CC56E}.Release|ARM.Build.0 = Release|Any CPU
		{A1452785-63CE-4667-A341-00C4E85CC56E}.Release|arm64.ActiveCfg = Release|Any CPU
		{A1452785-63CE-4667-A341-00C4E85CC56E}.Release|arm64.Build.0 = Release|Any CPU
		{A1452785-63CE-4667-A341-00C4E85CC56E}.Release|iPhone.ActiveCfg = Release|Any CPU
		{A1452785-63CE-4667-A341-00C4E85CC56E}.Release|iPhone.Build.0 = Release|Any CPU
		{A1452785-63CE-4667-A341-00C4E85CC56E}.Release|iPhoneSimulator.ActiveCfg = Release|Any CPU
		{A1452785-63CE-4667-A341-00C4E85CC56E}.Release|iPhoneSimulator.Build.0 = Release|Any CPU
		{A1452785-63CE-4667-A341-00C4E85CC56E}.Release|x64.ActiveCfg = Release|Any CPU
		{A1452785-63CE-4667-A341-00C4E85CC56E}.Release|x64.Build.0 = Release|Any CPU
		{A1452785-63CE-4667-A341-00C4E85CC56E}.Release|x86.ActiveCfg = Release|Any CPU
		{A1452785-63CE-4667-A341-00C4E85CC56E}.Release|x86.Build.0 = Release|Any CPU
		{A1452785-63CE-4667-A341-00C4E85CC56E}.Test|Any CPU.ActiveCfg = Debug|Any CPU
		{A1452785-63CE-4667-A341-00C4E85CC56E}.Test|Any CPU.Build.0 = Debug|Any CPU
		{A1452785-63CE-4667-A341-00C4E85CC56E}.Test|ARM.ActiveCfg = Debug|Any CPU
		{A1452785-63CE-4667-A341-00C4E85CC56E}.Test|ARM.Build.0 = Debug|Any CPU
		{A1452785-63CE-4667-A341-00C4E85CC56E}.Test|arm64.ActiveCfg = Release|Any CPU
		{A1452785-63CE-4667-A341-00C4E85CC56E}.Test|arm64.Build.0 = Release|Any CPU
		{A1452785-63CE-4667-A341-00C4E85CC56E}.Test|iPhone.ActiveCfg = Debug|Any CPU
		{A1452785-63CE-4667-A341-00C4E85CC56E}.Test|iPhone.Build.0 = Debug|Any CPU
		{A1452785-63CE-4667-A341-00C4E85CC56E}.Test|iPhoneSimulator.ActiveCfg = Debug|Any CPU
		{A1452785-63CE-4667-A341-00C4E85CC56E}.Test|iPhoneSimulator.Build.0 = Debug|Any CPU
		{A1452785-63CE-4667-A341-00C4E85CC56E}.Test|x64.ActiveCfg = Debug|Any CPU
		{A1452785-63CE-4667-A341-00C4E85CC56E}.Test|x64.Build.0 = Debug|Any CPU
		{A1452785-63CE-4667-A341-00C4E85CC56E}.Test|x86.ActiveCfg = Debug|Any CPU
		{A1452785-63CE-4667-A341-00C4E85CC56E}.Test|x86.Build.0 = Debug|Any CPU
		{88DC324A-7680-4F2D-90BD-CCF2D2A04139}.Ad-Hoc|Any CPU.ActiveCfg = Debug|Any CPU
		{88DC324A-7680-4F2D-90BD-CCF2D2A04139}.Ad-Hoc|Any CPU.Build.0 = Debug|Any CPU
		{88DC324A-7680-4F2D-90BD-CCF2D2A04139}.Ad-Hoc|ARM.ActiveCfg = Debug|Any CPU
		{88DC324A-7680-4F2D-90BD-CCF2D2A04139}.Ad-Hoc|ARM.Build.0 = Debug|Any CPU
		{88DC324A-7680-4F2D-90BD-CCF2D2A04139}.Ad-Hoc|arm64.ActiveCfg = Release|Any CPU
		{88DC324A-7680-4F2D-90BD-CCF2D2A04139}.Ad-Hoc|arm64.Build.0 = Release|Any CPU
		{88DC324A-7680-4F2D-90BD-CCF2D2A04139}.Ad-Hoc|iPhone.ActiveCfg = Debug|Any CPU
		{88DC324A-7680-4F2D-90BD-CCF2D2A04139}.Ad-Hoc|iPhone.Build.0 = Debug|Any CPU
		{88DC324A-7680-4F2D-90BD-CCF2D2A04139}.Ad-Hoc|iPhoneSimulator.ActiveCfg = Debug|Any CPU
		{88DC324A-7680-4F2D-90BD-CCF2D2A04139}.Ad-Hoc|iPhoneSimulator.Build.0 = Debug|Any CPU
		{88DC324A-7680-4F2D-90BD-CCF2D2A04139}.Ad-Hoc|x64.ActiveCfg = Debug|Any CPU
		{88DC324A-7680-4F2D-90BD-CCF2D2A04139}.Ad-Hoc|x64.Build.0 = Debug|Any CPU
		{88DC324A-7680-4F2D-90BD-CCF2D2A04139}.Ad-Hoc|x86.ActiveCfg = Debug|Any CPU
		{88DC324A-7680-4F2D-90BD-CCF2D2A04139}.Ad-Hoc|x86.Build.0 = Debug|Any CPU
		{88DC324A-7680-4F2D-90BD-CCF2D2A04139}.AppStore|Any CPU.ActiveCfg = Debug|Any CPU
		{88DC324A-7680-4F2D-90BD-CCF2D2A04139}.AppStore|Any CPU.Build.0 = Debug|Any CPU
		{88DC324A-7680-4F2D-90BD-CCF2D2A04139}.AppStore|ARM.ActiveCfg = Debug|Any CPU
		{88DC324A-7680-4F2D-90BD-CCF2D2A04139}.AppStore|ARM.Build.0 = Debug|Any CPU
		{88DC324A-7680-4F2D-90BD-CCF2D2A04139}.AppStore|arm64.ActiveCfg = Release|Any CPU
		{88DC324A-7680-4F2D-90BD-CCF2D2A04139}.AppStore|arm64.Build.0 = Release|Any CPU
		{88DC324A-7680-4F2D-90BD-CCF2D2A04139}.AppStore|iPhone.ActiveCfg = Debug|Any CPU
		{88DC324A-7680-4F2D-90BD-CCF2D2A04139}.AppStore|iPhone.Build.0 = Debug|Any CPU
		{88DC324A-7680-4F2D-90BD-CCF2D2A04139}.AppStore|iPhoneSimulator.ActiveCfg = Debug|Any CPU
		{88DC324A-7680-4F2D-90BD-CCF2D2A04139}.AppStore|iPhoneSimulator.Build.0 = Debug|Any CPU
		{88DC324A-7680-4F2D-90BD-CCF2D2A04139}.AppStore|x64.ActiveCfg = Debug|Any CPU
		{88DC324A-7680-4F2D-90BD-CCF2D2A04139}.AppStore|x64.Build.0 = Debug|Any CPU
		{88DC324A-7680-4F2D-90BD-CCF2D2A04139}.AppStore|x86.ActiveCfg = Debug|Any CPU
		{88DC324A-7680-4F2D-90BD-CCF2D2A04139}.AppStore|x86.Build.0 = Debug|Any CPU
		{88DC324A-7680-4F2D-90BD-CCF2D2A04139}.Debug|Any CPU.ActiveCfg = Debug|Any CPU
		{88DC324A-7680-4F2D-90BD-CCF2D2A04139}.Debug|Any CPU.Build.0 = Debug|Any CPU
		{88DC324A-7680-4F2D-90BD-CCF2D2A04139}.Debug|ARM.ActiveCfg = Debug|Any CPU
		{88DC324A-7680-4F2D-90BD-CCF2D2A04139}.Debug|ARM.Build.0 = Debug|Any CPU
		{88DC324A-7680-4F2D-90BD-CCF2D2A04139}.Debug|arm64.ActiveCfg = Debug|Any CPU
		{88DC324A-7680-4F2D-90BD-CCF2D2A04139}.Debug|arm64.Build.0 = Debug|Any CPU
		{88DC324A-7680-4F2D-90BD-CCF2D2A04139}.Debug|iPhone.ActiveCfg = Debug|Any CPU
		{88DC324A-7680-4F2D-90BD-CCF2D2A04139}.Debug|iPhone.Build.0 = Debug|Any CPU
		{88DC324A-7680-4F2D-90BD-CCF2D2A04139}.Debug|iPhoneSimulator.ActiveCfg = Debug|Any CPU
		{88DC324A-7680-4F2D-90BD-CCF2D2A04139}.Debug|iPhoneSimulator.Build.0 = Debug|Any CPU
		{88DC324A-7680-4F2D-90BD-CCF2D2A04139}.Debug|x64.ActiveCfg = Debug|Any CPU
		{88DC324A-7680-4F2D-90BD-CCF2D2A04139}.Debug|x64.Build.0 = Debug|Any CPU
		{88DC324A-7680-4F2D-90BD-CCF2D2A04139}.Debug|x86.ActiveCfg = Debug|Any CPU
		{88DC324A-7680-4F2D-90BD-CCF2D2A04139}.Debug|x86.Build.0 = Debug|Any CPU
		{88DC324A-7680-4F2D-90BD-CCF2D2A04139}.Docker|Any CPU.ActiveCfg = Docker|Any CPU
		{88DC324A-7680-4F2D-90BD-CCF2D2A04139}.Docker|Any CPU.Build.0 = Docker|Any CPU
		{88DC324A-7680-4F2D-90BD-CCF2D2A04139}.Docker|ARM.ActiveCfg = Docker|Any CPU
		{88DC324A-7680-4F2D-90BD-CCF2D2A04139}.Docker|ARM.Build.0 = Docker|Any CPU
		{88DC324A-7680-4F2D-90BD-CCF2D2A04139}.Docker|arm64.ActiveCfg = Docker|Any CPU
		{88DC324A-7680-4F2D-90BD-CCF2D2A04139}.Docker|arm64.Build.0 = Docker|Any CPU
		{88DC324A-7680-4F2D-90BD-CCF2D2A04139}.Docker|iPhone.ActiveCfg = Docker|Any CPU
		{88DC324A-7680-4F2D-90BD-CCF2D2A04139}.Docker|iPhone.Build.0 = Docker|Any CPU
		{88DC324A-7680-4F2D-90BD-CCF2D2A04139}.Docker|iPhoneSimulator.ActiveCfg = Docker|Any CPU
		{88DC324A-7680-4F2D-90BD-CCF2D2A04139}.Docker|iPhoneSimulator.Build.0 = Docker|Any CPU
		{88DC324A-7680-4F2D-90BD-CCF2D2A04139}.Docker|x64.ActiveCfg = Docker|Any CPU
		{88DC324A-7680-4F2D-90BD-CCF2D2A04139}.Docker|x64.Build.0 = Docker|Any CPU
		{88DC324A-7680-4F2D-90BD-CCF2D2A04139}.Docker|x86.ActiveCfg = Docker|Any CPU
		{88DC324A-7680-4F2D-90BD-CCF2D2A04139}.Docker|x86.Build.0 = Docker|Any CPU
		{88DC324A-7680-4F2D-90BD-CCF2D2A04139}.Release|Any CPU.ActiveCfg = Release|Any CPU
		{88DC324A-7680-4F2D-90BD-CCF2D2A04139}.Release|Any CPU.Build.0 = Release|Any CPU
		{88DC324A-7680-4F2D-90BD-CCF2D2A04139}.Release|ARM.ActiveCfg = Release|Any CPU
		{88DC324A-7680-4F2D-90BD-CCF2D2A04139}.Release|ARM.Build.0 = Release|Any CPU
		{88DC324A-7680-4F2D-90BD-CCF2D2A04139}.Release|arm64.ActiveCfg = Release|Any CPU
		{88DC324A-7680-4F2D-90BD-CCF2D2A04139}.Release|arm64.Build.0 = Release|Any CPU
		{88DC324A-7680-4F2D-90BD-CCF2D2A04139}.Release|iPhone.ActiveCfg = Release|Any CPU
		{88DC324A-7680-4F2D-90BD-CCF2D2A04139}.Release|iPhone.Build.0 = Release|Any CPU
		{88DC324A-7680-4F2D-90BD-CCF2D2A04139}.Release|iPhoneSimulator.ActiveCfg = Release|Any CPU
		{88DC324A-7680-4F2D-90BD-CCF2D2A04139}.Release|iPhoneSimulator.Build.0 = Release|Any CPU
		{88DC324A-7680-4F2D-90BD-CCF2D2A04139}.Release|x64.ActiveCfg = Release|Any CPU
		{88DC324A-7680-4F2D-90BD-CCF2D2A04139}.Release|x64.Build.0 = Release|Any CPU
		{88DC324A-7680-4F2D-90BD-CCF2D2A04139}.Release|x86.ActiveCfg = Release|Any CPU
		{88DC324A-7680-4F2D-90BD-CCF2D2A04139}.Release|x86.Build.0 = Release|Any CPU
		{88DC324A-7680-4F2D-90BD-CCF2D2A04139}.Test|Any CPU.ActiveCfg = Debug|Any CPU
		{88DC324A-7680-4F2D-90BD-CCF2D2A04139}.Test|Any CPU.Build.0 = Debug|Any CPU
		{88DC324A-7680-4F2D-90BD-CCF2D2A04139}.Test|ARM.ActiveCfg = Debug|Any CPU
		{88DC324A-7680-4F2D-90BD-CCF2D2A04139}.Test|ARM.Build.0 = Debug|Any CPU
		{88DC324A-7680-4F2D-90BD-CCF2D2A04139}.Test|arm64.ActiveCfg = Release|Any CPU
		{88DC324A-7680-4F2D-90BD-CCF2D2A04139}.Test|arm64.Build.0 = Release|Any CPU
		{88DC324A-7680-4F2D-90BD-CCF2D2A04139}.Test|iPhone.ActiveCfg = Debug|Any CPU
		{88DC324A-7680-4F2D-90BD-CCF2D2A04139}.Test|iPhone.Build.0 = Debug|Any CPU
		{88DC324A-7680-4F2D-90BD-CCF2D2A04139}.Test|iPhoneSimulator.ActiveCfg = Debug|Any CPU
		{88DC324A-7680-4F2D-90BD-CCF2D2A04139}.Test|iPhoneSimulator.Build.0 = Debug|Any CPU
		{88DC324A-7680-4F2D-90BD-CCF2D2A04139}.Test|x64.ActiveCfg = Debug|Any CPU
		{88DC324A-7680-4F2D-90BD-CCF2D2A04139}.Test|x64.Build.0 = Debug|Any CPU
		{88DC324A-7680-4F2D-90BD-CCF2D2A04139}.Test|x86.ActiveCfg = Debug|Any CPU
		{88DC324A-7680-4F2D-90BD-CCF2D2A04139}.Test|x86.Build.0 = Debug|Any CPU
		{7C8873B6-A4F3-4F2D-9D67-E425EE583284}.Ad-Hoc|Any CPU.ActiveCfg = Debug|Any CPU
		{7C8873B6-A4F3-4F2D-9D67-E425EE583284}.Ad-Hoc|Any CPU.Build.0 = Debug|Any CPU
		{7C8873B6-A4F3-4F2D-9D67-E425EE583284}.Ad-Hoc|ARM.ActiveCfg = Debug|Any CPU
		{7C8873B6-A4F3-4F2D-9D67-E425EE583284}.Ad-Hoc|ARM.Build.0 = Debug|Any CPU
		{7C8873B6-A4F3-4F2D-9D67-E425EE583284}.Ad-Hoc|arm64.ActiveCfg = Release|Any CPU
		{7C8873B6-A4F3-4F2D-9D67-E425EE583284}.Ad-Hoc|arm64.Build.0 = Release|Any CPU
		{7C8873B6-A4F3-4F2D-9D67-E425EE583284}.Ad-Hoc|iPhone.ActiveCfg = Debug|Any CPU
		{7C8873B6-A4F3-4F2D-9D67-E425EE583284}.Ad-Hoc|iPhone.Build.0 = Debug|Any CPU
		{7C8873B6-A4F3-4F2D-9D67-E425EE583284}.Ad-Hoc|iPhoneSimulator.ActiveCfg = Debug|Any CPU
		{7C8873B6-A4F3-4F2D-9D67-E425EE583284}.Ad-Hoc|iPhoneSimulator.Build.0 = Debug|Any CPU
		{7C8873B6-A4F3-4F2D-9D67-E425EE583284}.Ad-Hoc|x64.ActiveCfg = Debug|Any CPU
		{7C8873B6-A4F3-4F2D-9D67-E425EE583284}.Ad-Hoc|x64.Build.0 = Debug|Any CPU
		{7C8873B6-A4F3-4F2D-9D67-E425EE583284}.Ad-Hoc|x86.ActiveCfg = Debug|Any CPU
		{7C8873B6-A4F3-4F2D-9D67-E425EE583284}.Ad-Hoc|x86.Build.0 = Debug|Any CPU
		{7C8873B6-A4F3-4F2D-9D67-E425EE583284}.AppStore|Any CPU.ActiveCfg = Debug|Any CPU
		{7C8873B6-A4F3-4F2D-9D67-E425EE583284}.AppStore|Any CPU.Build.0 = Debug|Any CPU
		{7C8873B6-A4F3-4F2D-9D67-E425EE583284}.AppStore|ARM.ActiveCfg = Debug|Any CPU
		{7C8873B6-A4F3-4F2D-9D67-E425EE583284}.AppStore|ARM.Build.0 = Debug|Any CPU
		{7C8873B6-A4F3-4F2D-9D67-E425EE583284}.AppStore|arm64.ActiveCfg = Release|Any CPU
		{7C8873B6-A4F3-4F2D-9D67-E425EE583284}.AppStore|arm64.Build.0 = Release|Any CPU
		{7C8873B6-A4F3-4F2D-9D67-E425EE583284}.AppStore|iPhone.ActiveCfg = Debug|Any CPU
		{7C8873B6-A4F3-4F2D-9D67-E425EE583284}.AppStore|iPhone.Build.0 = Debug|Any CPU
		{7C8873B6-A4F3-4F2D-9D67-E425EE583284}.AppStore|iPhoneSimulator.ActiveCfg = Debug|Any CPU
		{7C8873B6-A4F3-4F2D-9D67-E425EE583284}.AppStore|iPhoneSimulator.Build.0 = Debug|Any CPU
		{7C8873B6-A4F3-4F2D-9D67-E425EE583284}.AppStore|x64.ActiveCfg = Debug|Any CPU
		{7C8873B6-A4F3-4F2D-9D67-E425EE583284}.AppStore|x64.Build.0 = Debug|Any CPU
		{7C8873B6-A4F3-4F2D-9D67-E425EE583284}.AppStore|x86.ActiveCfg = Debug|Any CPU
		{7C8873B6-A4F3-4F2D-9D67-E425EE583284}.AppStore|x86.Build.0 = Debug|Any CPU
		{7C8873B6-A4F3-4F2D-9D67-E425EE583284}.Debug|Any CPU.ActiveCfg = Debug|Any CPU
		{7C8873B6-A4F3-4F2D-9D67-E425EE583284}.Debug|Any CPU.Build.0 = Debug|Any CPU
		{7C8873B6-A4F3-4F2D-9D67-E425EE583284}.Debug|ARM.ActiveCfg = Debug|Any CPU
		{7C8873B6-A4F3-4F2D-9D67-E425EE583284}.Debug|ARM.Build.0 = Debug|Any CPU
		{7C8873B6-A4F3-4F2D-9D67-E425EE583284}.Debug|arm64.ActiveCfg = Debug|Any CPU
		{7C8873B6-A4F3-4F2D-9D67-E425EE583284}.Debug|arm64.Build.0 = Debug|Any CPU
		{7C8873B6-A4F3-4F2D-9D67-E425EE583284}.Debug|iPhone.ActiveCfg = Debug|Any CPU
		{7C8873B6-A4F3-4F2D-9D67-E425EE583284}.Debug|iPhone.Build.0 = Debug|Any CPU
		{7C8873B6-A4F3-4F2D-9D67-E425EE583284}.Debug|iPhoneSimulator.ActiveCfg = Debug|Any CPU
		{7C8873B6-A4F3-4F2D-9D67-E425EE583284}.Debug|iPhoneSimulator.Build.0 = Debug|Any CPU
		{7C8873B6-A4F3-4F2D-9D67-E425EE583284}.Debug|x64.ActiveCfg = Debug|Any CPU
		{7C8873B6-A4F3-4F2D-9D67-E425EE583284}.Debug|x64.Build.0 = Debug|Any CPU
		{7C8873B6-A4F3-4F2D-9D67-E425EE583284}.Debug|x86.ActiveCfg = Debug|Any CPU
		{7C8873B6-A4F3-4F2D-9D67-E425EE583284}.Debug|x86.Build.0 = Debug|Any CPU
		{7C8873B6-A4F3-4F2D-9D67-E425EE583284}.Docker|Any CPU.ActiveCfg = Debug|Any CPU
		{7C8873B6-A4F3-4F2D-9D67-E425EE583284}.Docker|Any CPU.Build.0 = Debug|Any CPU
		{7C8873B6-A4F3-4F2D-9D67-E425EE583284}.Docker|ARM.ActiveCfg = Debug|Any CPU
		{7C8873B6-A4F3-4F2D-9D67-E425EE583284}.Docker|ARM.Build.0 = Debug|Any CPU
		{7C8873B6-A4F3-4F2D-9D67-E425EE583284}.Docker|arm64.ActiveCfg = Debug|Any CPU
		{7C8873B6-A4F3-4F2D-9D67-E425EE583284}.Docker|arm64.Build.0 = Debug|Any CPU
		{7C8873B6-A4F3-4F2D-9D67-E425EE583284}.Docker|iPhone.ActiveCfg = Debug|Any CPU
		{7C8873B6-A4F3-4F2D-9D67-E425EE583284}.Docker|iPhone.Build.0 = Debug|Any CPU
		{7C8873B6-A4F3-4F2D-9D67-E425EE583284}.Docker|iPhoneSimulator.ActiveCfg = Debug|Any CPU
		{7C8873B6-A4F3-4F2D-9D67-E425EE583284}.Docker|iPhoneSimulator.Build.0 = Debug|Any CPU
		{7C8873B6-A4F3-4F2D-9D67-E425EE583284}.Docker|x64.ActiveCfg = Debug|Any CPU
		{7C8873B6-A4F3-4F2D-9D67-E425EE583284}.Docker|x64.Build.0 = Debug|Any CPU
		{7C8873B6-A4F3-4F2D-9D67-E425EE583284}.Docker|x86.ActiveCfg = Debug|Any CPU
		{7C8873B6-A4F3-4F2D-9D67-E425EE583284}.Docker|x86.Build.0 = Debug|Any CPU
		{7C8873B6-A4F3-4F2D-9D67-E425EE583284}.Release|Any CPU.ActiveCfg = Release|Any CPU
		{7C8873B6-A4F3-4F2D-9D67-E425EE583284}.Release|Any CPU.Build.0 = Release|Any CPU
		{7C8873B6-A4F3-4F2D-9D67-E425EE583284}.Release|ARM.ActiveCfg = Release|Any CPU
		{7C8873B6-A4F3-4F2D-9D67-E425EE583284}.Release|ARM.Build.0 = Release|Any CPU
		{7C8873B6-A4F3-4F2D-9D67-E425EE583284}.Release|arm64.ActiveCfg = Release|Any CPU
		{7C8873B6-A4F3-4F2D-9D67-E425EE583284}.Release|arm64.Build.0 = Release|Any CPU
		{7C8873B6-A4F3-4F2D-9D67-E425EE583284}.Release|iPhone.ActiveCfg = Release|Any CPU
		{7C8873B6-A4F3-4F2D-9D67-E425EE583284}.Release|iPhone.Build.0 = Release|Any CPU
		{7C8873B6-A4F3-4F2D-9D67-E425EE583284}.Release|iPhoneSimulator.ActiveCfg = Release|Any CPU
		{7C8873B6-A4F3-4F2D-9D67-E425EE583284}.Release|iPhoneSimulator.Build.0 = Release|Any CPU
		{7C8873B6-A4F3-4F2D-9D67-E425EE583284}.Release|x64.ActiveCfg = Release|Any CPU
		{7C8873B6-A4F3-4F2D-9D67-E425EE583284}.Release|x64.Build.0 = Release|Any CPU
		{7C8873B6-A4F3-4F2D-9D67-E425EE583284}.Release|x86.ActiveCfg = Release|Any CPU
		{7C8873B6-A4F3-4F2D-9D67-E425EE583284}.Release|x86.Build.0 = Release|Any CPU
		{7C8873B6-A4F3-4F2D-9D67-E425EE583284}.Test|Any CPU.ActiveCfg = Debug|Any CPU
		{7C8873B6-A4F3-4F2D-9D67-E425EE583284}.Test|Any CPU.Build.0 = Debug|Any CPU
		{7C8873B6-A4F3-4F2D-9D67-E425EE583284}.Test|ARM.ActiveCfg = Debug|Any CPU
		{7C8873B6-A4F3-4F2D-9D67-E425EE583284}.Test|ARM.Build.0 = Debug|Any CPU
		{7C8873B6-A4F3-4F2D-9D67-E425EE583284}.Test|arm64.ActiveCfg = Release|Any CPU
		{7C8873B6-A4F3-4F2D-9D67-E425EE583284}.Test|arm64.Build.0 = Release|Any CPU
		{7C8873B6-A4F3-4F2D-9D67-E425EE583284}.Test|iPhone.ActiveCfg = Debug|Any CPU
		{7C8873B6-A4F3-4F2D-9D67-E425EE583284}.Test|iPhone.Build.0 = Debug|Any CPU
		{7C8873B6-A4F3-4F2D-9D67-E425EE583284}.Test|iPhoneSimulator.ActiveCfg = Debug|Any CPU
		{7C8873B6-A4F3-4F2D-9D67-E425EE583284}.Test|iPhoneSimulator.Build.0 = Debug|Any CPU
		{7C8873B6-A4F3-4F2D-9D67-E425EE583284}.Test|x64.ActiveCfg = Debug|Any CPU
		{7C8873B6-A4F3-4F2D-9D67-E425EE583284}.Test|x64.Build.0 = Debug|Any CPU
		{7C8873B6-A4F3-4F2D-9D67-E425EE583284}.Test|x86.ActiveCfg = Debug|Any CPU
		{7C8873B6-A4F3-4F2D-9D67-E425EE583284}.Test|x86.Build.0 = Debug|Any CPU
		{389CFC6A-A4BF-5140-6947-161E5FDBE287}.Ad-Hoc|Any CPU.ActiveCfg = Release|Any CPU
		{389CFC6A-A4BF-5140-6947-161E5FDBE287}.Ad-Hoc|Any CPU.Build.0 = Release|Any CPU
		{389CFC6A-A4BF-5140-6947-161E5FDBE287}.Ad-Hoc|ARM.ActiveCfg = Release|Any CPU
		{389CFC6A-A4BF-5140-6947-161E5FDBE287}.Ad-Hoc|ARM.Build.0 = Release|Any CPU
		{389CFC6A-A4BF-5140-6947-161E5FDBE287}.Ad-Hoc|arm64.ActiveCfg = Release|Any CPU
		{389CFC6A-A4BF-5140-6947-161E5FDBE287}.Ad-Hoc|arm64.Build.0 = Release|Any CPU
		{389CFC6A-A4BF-5140-6947-161E5FDBE287}.Ad-Hoc|iPhone.ActiveCfg = Release|Any CPU
		{389CFC6A-A4BF-5140-6947-161E5FDBE287}.Ad-Hoc|iPhone.Build.0 = Release|Any CPU
		{389CFC6A-A4BF-5140-6947-161E5FDBE287}.Ad-Hoc|iPhoneSimulator.ActiveCfg = Release|Any CPU
		{389CFC6A-A4BF-5140-6947-161E5FDBE287}.Ad-Hoc|iPhoneSimulator.Build.0 = Release|Any CPU
		{389CFC6A-A4BF-5140-6947-161E5FDBE287}.Ad-Hoc|x64.ActiveCfg = Release|Any CPU
		{389CFC6A-A4BF-5140-6947-161E5FDBE287}.Ad-Hoc|x64.Build.0 = Release|Any CPU
		{389CFC6A-A4BF-5140-6947-161E5FDBE287}.Ad-Hoc|x86.ActiveCfg = Release|Any CPU
		{389CFC6A-A4BF-5140-6947-161E5FDBE287}.Ad-Hoc|x86.Build.0 = Release|Any CPU
		{389CFC6A-A4BF-5140-6947-161E5FDBE287}.AppStore|Any CPU.ActiveCfg = Release|Any CPU
		{389CFC6A-A4BF-5140-6947-161E5FDBE287}.AppStore|Any CPU.Build.0 = Release|Any CPU
		{389CFC6A-A4BF-5140-6947-161E5FDBE287}.AppStore|ARM.ActiveCfg = Release|Any CPU
		{389CFC6A-A4BF-5140-6947-161E5FDBE287}.AppStore|ARM.Build.0 = Release|Any CPU
		{389CFC6A-A4BF-5140-6947-161E5FDBE287}.AppStore|arm64.ActiveCfg = Release|Any CPU
		{389CFC6A-A4BF-5140-6947-161E5FDBE287}.AppStore|arm64.Build.0 = Release|Any CPU
		{389CFC6A-A4BF-5140-6947-161E5FDBE287}.AppStore|iPhone.ActiveCfg = Release|Any CPU
		{389CFC6A-A4BF-5140-6947-161E5FDBE287}.AppStore|iPhone.Build.0 = Release|Any CPU
		{389CFC6A-A4BF-5140-6947-161E5FDBE287}.AppStore|iPhoneSimulator.ActiveCfg = Release|Any CPU
		{389CFC6A-A4BF-5140-6947-161E5FDBE287}.AppStore|iPhoneSimulator.Build.0 = Release|Any CPU
		{389CFC6A-A4BF-5140-6947-161E5FDBE287}.AppStore|x64.ActiveCfg = Release|Any CPU
		{389CFC6A-A4BF-5140-6947-161E5FDBE287}.AppStore|x64.Build.0 = Release|Any CPU
		{389CFC6A-A4BF-5140-6947-161E5FDBE287}.AppStore|x86.ActiveCfg = Release|Any CPU
		{389CFC6A-A4BF-5140-6947-161E5FDBE287}.AppStore|x86.Build.0 = Release|Any CPU
		{389CFC6A-A4BF-5140-6947-161E5FDBE287}.Debug|Any CPU.ActiveCfg = Debug|Any CPU
		{389CFC6A-A4BF-5140-6947-161E5FDBE287}.Debug|Any CPU.Build.0 = Debug|Any CPU
		{389CFC6A-A4BF-5140-6947-161E5FDBE287}.Debug|ARM.ActiveCfg = Debug|Any CPU
		{389CFC6A-A4BF-5140-6947-161E5FDBE287}.Debug|ARM.Build.0 = Debug|Any CPU
		{389CFC6A-A4BF-5140-6947-161E5FDBE287}.Debug|arm64.ActiveCfg = Debug|Any CPU
		{389CFC6A-A4BF-5140-6947-161E5FDBE287}.Debug|arm64.Build.0 = Debug|Any CPU
		{389CFC6A-A4BF-5140-6947-161E5FDBE287}.Debug|iPhone.ActiveCfg = Debug|Any CPU
		{389CFC6A-A4BF-5140-6947-161E5FDBE287}.Debug|iPhone.Build.0 = Debug|Any CPU
		{389CFC6A-A4BF-5140-6947-161E5FDBE287}.Debug|iPhoneSimulator.ActiveCfg = Debug|Any CPU
		{389CFC6A-A4BF-5140-6947-161E5FDBE287}.Debug|iPhoneSimulator.Build.0 = Debug|Any CPU
		{389CFC6A-A4BF-5140-6947-161E5FDBE287}.Debug|x64.ActiveCfg = Debug|Any CPU
		{389CFC6A-A4BF-5140-6947-161E5FDBE287}.Debug|x64.Build.0 = Debug|Any CPU
		{389CFC6A-A4BF-5140-6947-161E5FDBE287}.Debug|x86.ActiveCfg = Debug|Any CPU
		{389CFC6A-A4BF-5140-6947-161E5FDBE287}.Debug|x86.Build.0 = Debug|Any CPU
		{389CFC6A-A4BF-5140-6947-161E5FDBE287}.Docker|Any CPU.ActiveCfg = Docker|Any CPU
		{389CFC6A-A4BF-5140-6947-161E5FDBE287}.Docker|Any CPU.Build.0 = Docker|Any CPU
		{389CFC6A-A4BF-5140-6947-161E5FDBE287}.Docker|ARM.ActiveCfg = Docker|Any CPU
		{389CFC6A-A4BF-5140-6947-161E5FDBE287}.Docker|ARM.Build.0 = Docker|Any CPU
		{389CFC6A-A4BF-5140-6947-161E5FDBE287}.Docker|arm64.ActiveCfg = Docker|Any CPU
		{389CFC6A-A4BF-5140-6947-161E5FDBE287}.Docker|arm64.Build.0 = Docker|Any CPU
		{389CFC6A-A4BF-5140-6947-161E5FDBE287}.Docker|iPhone.ActiveCfg = Docker|Any CPU
		{389CFC6A-A4BF-5140-6947-161E5FDBE287}.Docker|iPhone.Build.0 = Docker|Any CPU
		{389CFC6A-A4BF-5140-6947-161E5FDBE287}.Docker|iPhoneSimulator.ActiveCfg = Docker|Any CPU
		{389CFC6A-A4BF-5140-6947-161E5FDBE287}.Docker|iPhoneSimulator.Build.0 = Docker|Any CPU
		{389CFC6A-A4BF-5140-6947-161E5FDBE287}.Docker|x64.ActiveCfg = Docker|Any CPU
		{389CFC6A-A4BF-5140-6947-161E5FDBE287}.Docker|x64.Build.0 = Docker|Any CPU
		{389CFC6A-A4BF-5140-6947-161E5FDBE287}.Docker|x86.ActiveCfg = Docker|Any CPU
		{389CFC6A-A4BF-5140-6947-161E5FDBE287}.Docker|x86.Build.0 = Docker|Any CPU
		{389CFC6A-A4BF-5140-6947-161E5FDBE287}.Release|Any CPU.ActiveCfg = Release|Any CPU
		{389CFC6A-A4BF-5140-6947-161E5FDBE287}.Release|Any CPU.Build.0 = Release|Any CPU
		{389CFC6A-A4BF-5140-6947-161E5FDBE287}.Release|ARM.ActiveCfg = Release|Any CPU
		{389CFC6A-A4BF-5140-6947-161E5FDBE287}.Release|ARM.Build.0 = Release|Any CPU
		{389CFC6A-A4BF-5140-6947-161E5FDBE287}.Release|arm64.ActiveCfg = Release|Any CPU
		{389CFC6A-A4BF-5140-6947-161E5FDBE287}.Release|arm64.Build.0 = Release|Any CPU
		{389CFC6A-A4BF-5140-6947-161E5FDBE287}.Release|iPhone.ActiveCfg = Release|Any CPU
		{389CFC6A-A4BF-5140-6947-161E5FDBE287}.Release|iPhone.Build.0 = Release|Any CPU
		{389CFC6A-A4BF-5140-6947-161E5FDBE287}.Release|iPhoneSimulator.ActiveCfg = Release|Any CPU
		{389CFC6A-A4BF-5140-6947-161E5FDBE287}.Release|iPhoneSimulator.Build.0 = Release|Any CPU
		{389CFC6A-A4BF-5140-6947-161E5FDBE287}.Release|x64.ActiveCfg = Release|Any CPU
		{389CFC6A-A4BF-5140-6947-161E5FDBE287}.Release|x64.Build.0 = Release|Any CPU
		{389CFC6A-A4BF-5140-6947-161E5FDBE287}.Release|x86.ActiveCfg = Release|Any CPU
		{389CFC6A-A4BF-5140-6947-161E5FDBE287}.Release|x86.Build.0 = Release|Any CPU
		{389CFC6A-A4BF-5140-6947-161E5FDBE287}.Test|Any CPU.ActiveCfg = Test|Any CPU
		{389CFC6A-A4BF-5140-6947-161E5FDBE287}.Test|Any CPU.Build.0 = Test|Any CPU
		{389CFC6A-A4BF-5140-6947-161E5FDBE287}.Test|ARM.ActiveCfg = Test|Any CPU
		{389CFC6A-A4BF-5140-6947-161E5FDBE287}.Test|ARM.Build.0 = Test|Any CPU
		{389CFC6A-A4BF-5140-6947-161E5FDBE287}.Test|arm64.ActiveCfg = Test|Any CPU
		{389CFC6A-A4BF-5140-6947-161E5FDBE287}.Test|arm64.Build.0 = Test|Any CPU
		{389CFC6A-A4BF-5140-6947-161E5FDBE287}.Test|iPhone.ActiveCfg = Test|Any CPU
		{389CFC6A-A4BF-5140-6947-161E5FDBE287}.Test|iPhone.Build.0 = Test|Any CPU
		{389CFC6A-A4BF-5140-6947-161E5FDBE287}.Test|iPhoneSimulator.ActiveCfg = Test|Any CPU
		{389CFC6A-A4BF-5140-6947-161E5FDBE287}.Test|iPhoneSimulator.Build.0 = Test|Any CPU
		{389CFC6A-A4BF-5140-6947-161E5FDBE287}.Test|x64.ActiveCfg = Test|Any CPU
		{389CFC6A-A4BF-5140-6947-161E5FDBE287}.Test|x64.Build.0 = Test|Any CPU
		{389CFC6A-A4BF-5140-6947-161E5FDBE287}.Test|x86.ActiveCfg = Test|Any CPU
		{389CFC6A-A4BF-5140-6947-161E5FDBE287}.Test|x86.Build.0 = Test|Any CPU
		{16AD7245-D04F-BD30-349A-53127311A7B9}.Ad-Hoc|Any CPU.ActiveCfg = Release|Any CPU
		{16AD7245-D04F-BD30-349A-53127311A7B9}.Ad-Hoc|Any CPU.Build.0 = Release|Any CPU
		{16AD7245-D04F-BD30-349A-53127311A7B9}.Ad-Hoc|ARM.ActiveCfg = Release|Any CPU
		{16AD7245-D04F-BD30-349A-53127311A7B9}.Ad-Hoc|ARM.Build.0 = Release|Any CPU
		{16AD7245-D04F-BD30-349A-53127311A7B9}.Ad-Hoc|arm64.ActiveCfg = Release|Any CPU
		{16AD7245-D04F-BD30-349A-53127311A7B9}.Ad-Hoc|arm64.Build.0 = Release|Any CPU
		{16AD7245-D04F-BD30-349A-53127311A7B9}.Ad-Hoc|iPhone.ActiveCfg = Release|Any CPU
		{16AD7245-D04F-BD30-349A-53127311A7B9}.Ad-Hoc|iPhone.Build.0 = Release|Any CPU
		{16AD7245-D04F-BD30-349A-53127311A7B9}.Ad-Hoc|iPhoneSimulator.ActiveCfg = Release|Any CPU
		{16AD7245-D04F-BD30-349A-53127311A7B9}.Ad-Hoc|iPhoneSimulator.Build.0 = Release|Any CPU
		{16AD7245-D04F-BD30-349A-53127311A7B9}.Ad-Hoc|x64.ActiveCfg = Release|Any CPU
		{16AD7245-D04F-BD30-349A-53127311A7B9}.Ad-Hoc|x64.Build.0 = Release|Any CPU
		{16AD7245-D04F-BD30-349A-53127311A7B9}.Ad-Hoc|x86.ActiveCfg = Release|Any CPU
		{16AD7245-D04F-BD30-349A-53127311A7B9}.Ad-Hoc|x86.Build.0 = Release|Any CPU
		{16AD7245-D04F-BD30-349A-53127311A7B9}.AppStore|Any CPU.ActiveCfg = Release|Any CPU
		{16AD7245-D04F-BD30-349A-53127311A7B9}.AppStore|Any CPU.Build.0 = Release|Any CPU
		{16AD7245-D04F-BD30-349A-53127311A7B9}.AppStore|ARM.ActiveCfg = Release|Any CPU
		{16AD7245-D04F-BD30-349A-53127311A7B9}.AppStore|ARM.Build.0 = Release|Any CPU
		{16AD7245-D04F-BD30-349A-53127311A7B9}.AppStore|arm64.ActiveCfg = Release|Any CPU
		{16AD7245-D04F-BD30-349A-53127311A7B9}.AppStore|arm64.Build.0 = Release|Any CPU
		{16AD7245-D04F-BD30-349A-53127311A7B9}.AppStore|iPhone.ActiveCfg = Release|Any CPU
		{16AD7245-D04F-BD30-349A-53127311A7B9}.AppStore|iPhone.Build.0 = Release|Any CPU
		{16AD7245-D04F-BD30-349A-53127311A7B9}.AppStore|iPhoneSimulator.ActiveCfg = Release|Any CPU
		{16AD7245-D04F-BD30-349A-53127311A7B9}.AppStore|iPhoneSimulator.Build.0 = Release|Any CPU
		{16AD7245-D04F-BD30-349A-53127311A7B9}.AppStore|x64.ActiveCfg = Release|Any CPU
		{16AD7245-D04F-BD30-349A-53127311A7B9}.AppStore|x64.Build.0 = Release|Any CPU
		{16AD7245-D04F-BD30-349A-53127311A7B9}.AppStore|x86.ActiveCfg = Release|Any CPU
		{16AD7245-D04F-BD30-349A-53127311A7B9}.AppStore|x86.Build.0 = Release|Any CPU
		{16AD7245-D04F-BD30-349A-53127311A7B9}.Debug|Any CPU.ActiveCfg = Debug|Any CPU
		{16AD7245-D04F-BD30-349A-53127311A7B9}.Debug|Any CPU.Build.0 = Debug|Any CPU
		{16AD7245-D04F-BD30-349A-53127311A7B9}.Debug|ARM.ActiveCfg = Debug|Any CPU
		{16AD7245-D04F-BD30-349A-53127311A7B9}.Debug|ARM.Build.0 = Debug|Any CPU
		{16AD7245-D04F-BD30-349A-53127311A7B9}.Debug|arm64.ActiveCfg = Debug|Any CPU
		{16AD7245-D04F-BD30-349A-53127311A7B9}.Debug|arm64.Build.0 = Debug|Any CPU
		{16AD7245-D04F-BD30-349A-53127311A7B9}.Debug|iPhone.ActiveCfg = Debug|Any CPU
		{16AD7245-D04F-BD30-349A-53127311A7B9}.Debug|iPhone.Build.0 = Debug|Any CPU
		{16AD7245-D04F-BD30-349A-53127311A7B9}.Debug|iPhoneSimulator.ActiveCfg = Debug|Any CPU
		{16AD7245-D04F-BD30-349A-53127311A7B9}.Debug|iPhoneSimulator.Build.0 = Debug|Any CPU
		{16AD7245-D04F-BD30-349A-53127311A7B9}.Debug|x64.ActiveCfg = Debug|Any CPU
		{16AD7245-D04F-BD30-349A-53127311A7B9}.Debug|x64.Build.0 = Debug|Any CPU
		{16AD7245-D04F-BD30-349A-53127311A7B9}.Debug|x86.ActiveCfg = Debug|Any CPU
		{16AD7245-D04F-BD30-349A-53127311A7B9}.Debug|x86.Build.0 = Debug|Any CPU
		{16AD7245-D04F-BD30-349A-53127311A7B9}.Docker|Any CPU.ActiveCfg = Docker|Any CPU
		{16AD7245-D04F-BD30-349A-53127311A7B9}.Docker|Any CPU.Build.0 = Docker|Any CPU
		{16AD7245-D04F-BD30-349A-53127311A7B9}.Docker|ARM.ActiveCfg = Docker|Any CPU
		{16AD7245-D04F-BD30-349A-53127311A7B9}.Docker|ARM.Build.0 = Docker|Any CPU
		{16AD7245-D04F-BD30-349A-53127311A7B9}.Docker|arm64.ActiveCfg = Docker|Any CPU
		{16AD7245-D04F-BD30-349A-53127311A7B9}.Docker|arm64.Build.0 = Docker|Any CPU
		{16AD7245-D04F-BD30-349A-53127311A7B9}.Docker|iPhone.ActiveCfg = Docker|Any CPU
		{16AD7245-D04F-BD30-349A-53127311A7B9}.Docker|iPhone.Build.0 = Docker|Any CPU
		{16AD7245-D04F-BD30-349A-53127311A7B9}.Docker|iPhoneSimulator.ActiveCfg = Docker|Any CPU
		{16AD7245-D04F-BD30-349A-53127311A7B9}.Docker|iPhoneSimulator.Build.0 = Docker|Any CPU
		{16AD7245-D04F-BD30-349A-53127311A7B9}.Docker|x64.ActiveCfg = Docker|Any CPU
		{16AD7245-D04F-BD30-349A-53127311A7B9}.Docker|x64.Build.0 = Docker|Any CPU
		{16AD7245-D04F-BD30-349A-53127311A7B9}.Docker|x86.ActiveCfg = Docker|Any CPU
		{16AD7245-D04F-BD30-349A-53127311A7B9}.Docker|x86.Build.0 = Docker|Any CPU
		{16AD7245-D04F-BD30-349A-53127311A7B9}.Release|Any CPU.ActiveCfg = Release|Any CPU
		{16AD7245-D04F-BD30-349A-53127311A7B9}.Release|Any CPU.Build.0 = Release|Any CPU
		{16AD7245-D04F-BD30-349A-53127311A7B9}.Release|ARM.ActiveCfg = Release|Any CPU
		{16AD7245-D04F-BD30-349A-53127311A7B9}.Release|ARM.Build.0 = Release|Any CPU
		{16AD7245-D04F-BD30-349A-53127311A7B9}.Release|arm64.ActiveCfg = Release|Any CPU
		{16AD7245-D04F-BD30-349A-53127311A7B9}.Release|arm64.Build.0 = Release|Any CPU
		{16AD7245-D04F-BD30-349A-53127311A7B9}.Release|iPhone.ActiveCfg = Release|Any CPU
		{16AD7245-D04F-BD30-349A-53127311A7B9}.Release|iPhone.Build.0 = Release|Any CPU
		{16AD7245-D04F-BD30-349A-53127311A7B9}.Release|iPhoneSimulator.ActiveCfg = Release|Any CPU
		{16AD7245-D04F-BD30-349A-53127311A7B9}.Release|iPhoneSimulator.Build.0 = Release|Any CPU
		{16AD7245-D04F-BD30-349A-53127311A7B9}.Release|x64.ActiveCfg = Release|Any CPU
		{16AD7245-D04F-BD30-349A-53127311A7B9}.Release|x64.Build.0 = Release|Any CPU
		{16AD7245-D04F-BD30-349A-53127311A7B9}.Release|x86.ActiveCfg = Release|Any CPU
		{16AD7245-D04F-BD30-349A-53127311A7B9}.Release|x86.Build.0 = Release|Any CPU
		{16AD7245-D04F-BD30-349A-53127311A7B9}.Test|Any CPU.ActiveCfg = Test|Any CPU
		{16AD7245-D04F-BD30-349A-53127311A7B9}.Test|Any CPU.Build.0 = Test|Any CPU
		{16AD7245-D04F-BD30-349A-53127311A7B9}.Test|ARM.ActiveCfg = Test|Any CPU
		{16AD7245-D04F-BD30-349A-53127311A7B9}.Test|ARM.Build.0 = Test|Any CPU
		{16AD7245-D04F-BD30-349A-53127311A7B9}.Test|arm64.ActiveCfg = Test|Any CPU
		{16AD7245-D04F-BD30-349A-53127311A7B9}.Test|arm64.Build.0 = Test|Any CPU
		{16AD7245-D04F-BD30-349A-53127311A7B9}.Test|iPhone.ActiveCfg = Test|Any CPU
		{16AD7245-D04F-BD30-349A-53127311A7B9}.Test|iPhone.Build.0 = Test|Any CPU
		{16AD7245-D04F-BD30-349A-53127311A7B9}.Test|iPhoneSimulator.ActiveCfg = Test|Any CPU
		{16AD7245-D04F-BD30-349A-53127311A7B9}.Test|iPhoneSimulator.Build.0 = Test|Any CPU
		{16AD7245-D04F-BD30-349A-53127311A7B9}.Test|x64.ActiveCfg = Test|Any CPU
		{16AD7245-D04F-BD30-349A-53127311A7B9}.Test|x64.Build.0 = Test|Any CPU
		{16AD7245-D04F-BD30-349A-53127311A7B9}.Test|x86.ActiveCfg = Test|Any CPU
		{16AD7245-D04F-BD30-349A-53127311A7B9}.Test|x86.Build.0 = Test|Any CPU
		{1648241B-EBB3-D5DD-7AED-009630F5172C}.Ad-Hoc|Any CPU.ActiveCfg = Release|Any CPU
		{1648241B-EBB3-D5DD-7AED-009630F5172C}.Ad-Hoc|Any CPU.Build.0 = Release|Any CPU
		{1648241B-EBB3-D5DD-7AED-009630F5172C}.Ad-Hoc|ARM.ActiveCfg = Release|Any CPU
		{1648241B-EBB3-D5DD-7AED-009630F5172C}.Ad-Hoc|ARM.Build.0 = Release|Any CPU
		{1648241B-EBB3-D5DD-7AED-009630F5172C}.Ad-Hoc|arm64.ActiveCfg = Release|Any CPU
		{1648241B-EBB3-D5DD-7AED-009630F5172C}.Ad-Hoc|arm64.Build.0 = Release|Any CPU
		{1648241B-EBB3-D5DD-7AED-009630F5172C}.Ad-Hoc|iPhone.ActiveCfg = Release|Any CPU
		{1648241B-EBB3-D5DD-7AED-009630F5172C}.Ad-Hoc|iPhone.Build.0 = Release|Any CPU
		{1648241B-EBB3-D5DD-7AED-009630F5172C}.Ad-Hoc|iPhoneSimulator.ActiveCfg = Release|Any CPU
		{1648241B-EBB3-D5DD-7AED-009630F5172C}.Ad-Hoc|iPhoneSimulator.Build.0 = Release|Any CPU
		{1648241B-EBB3-D5DD-7AED-009630F5172C}.Ad-Hoc|x64.ActiveCfg = Release|Any CPU
		{1648241B-EBB3-D5DD-7AED-009630F5172C}.Ad-Hoc|x64.Build.0 = Release|Any CPU
		{1648241B-EBB3-D5DD-7AED-009630F5172C}.Ad-Hoc|x86.ActiveCfg = Release|Any CPU
		{1648241B-EBB3-D5DD-7AED-009630F5172C}.Ad-Hoc|x86.Build.0 = Release|Any CPU
		{1648241B-EBB3-D5DD-7AED-009630F5172C}.AppStore|Any CPU.ActiveCfg = Release|Any CPU
		{1648241B-EBB3-D5DD-7AED-009630F5172C}.AppStore|Any CPU.Build.0 = Release|Any CPU
		{1648241B-EBB3-D5DD-7AED-009630F5172C}.AppStore|ARM.ActiveCfg = Release|Any CPU
		{1648241B-EBB3-D5DD-7AED-009630F5172C}.AppStore|ARM.Build.0 = Release|Any CPU
		{1648241B-EBB3-D5DD-7AED-009630F5172C}.AppStore|arm64.ActiveCfg = Release|Any CPU
		{1648241B-EBB3-D5DD-7AED-009630F5172C}.AppStore|arm64.Build.0 = Release|Any CPU
		{1648241B-EBB3-D5DD-7AED-009630F5172C}.AppStore|iPhone.ActiveCfg = Release|Any CPU
		{1648241B-EBB3-D5DD-7AED-009630F5172C}.AppStore|iPhone.Build.0 = Release|Any CPU
		{1648241B-EBB3-D5DD-7AED-009630F5172C}.AppStore|iPhoneSimulator.ActiveCfg = Release|Any CPU
		{1648241B-EBB3-D5DD-7AED-009630F5172C}.AppStore|iPhoneSimulator.Build.0 = Release|Any CPU
		{1648241B-EBB3-D5DD-7AED-009630F5172C}.AppStore|x64.ActiveCfg = Release|Any CPU
		{1648241B-EBB3-D5DD-7AED-009630F5172C}.AppStore|x64.Build.0 = Release|Any CPU
		{1648241B-EBB3-D5DD-7AED-009630F5172C}.AppStore|x86.ActiveCfg = Release|Any CPU
		{1648241B-EBB3-D5DD-7AED-009630F5172C}.AppStore|x86.Build.0 = Release|Any CPU
		{1648241B-EBB3-D5DD-7AED-009630F5172C}.Debug|Any CPU.ActiveCfg = Debug|Any CPU
		{1648241B-EBB3-D5DD-7AED-009630F5172C}.Debug|Any CPU.Build.0 = Debug|Any CPU
		{1648241B-EBB3-D5DD-7AED-009630F5172C}.Debug|ARM.ActiveCfg = Debug|Any CPU
		{1648241B-EBB3-D5DD-7AED-009630F5172C}.Debug|ARM.Build.0 = Debug|Any CPU
		{1648241B-EBB3-D5DD-7AED-009630F5172C}.Debug|arm64.ActiveCfg = Debug|Any CPU
		{1648241B-EBB3-D5DD-7AED-009630F5172C}.Debug|arm64.Build.0 = Debug|Any CPU
		{1648241B-EBB3-D5DD-7AED-009630F5172C}.Debug|iPhone.ActiveCfg = Debug|Any CPU
		{1648241B-EBB3-D5DD-7AED-009630F5172C}.Debug|iPhone.Build.0 = Debug|Any CPU
		{1648241B-EBB3-D5DD-7AED-009630F5172C}.Debug|iPhoneSimulator.ActiveCfg = Debug|Any CPU
		{1648241B-EBB3-D5DD-7AED-009630F5172C}.Debug|iPhoneSimulator.Build.0 = Debug|Any CPU
		{1648241B-EBB3-D5DD-7AED-009630F5172C}.Debug|x64.ActiveCfg = Debug|Any CPU
		{1648241B-EBB3-D5DD-7AED-009630F5172C}.Debug|x64.Build.0 = Debug|Any CPU
		{1648241B-EBB3-D5DD-7AED-009630F5172C}.Debug|x86.ActiveCfg = Debug|Any CPU
		{1648241B-EBB3-D5DD-7AED-009630F5172C}.Debug|x86.Build.0 = Debug|Any CPU
		{1648241B-EBB3-D5DD-7AED-009630F5172C}.Docker|Any CPU.ActiveCfg = Docker|Any CPU
		{1648241B-EBB3-D5DD-7AED-009630F5172C}.Docker|Any CPU.Build.0 = Docker|Any CPU
		{1648241B-EBB3-D5DD-7AED-009630F5172C}.Docker|ARM.ActiveCfg = Docker|Any CPU
		{1648241B-EBB3-D5DD-7AED-009630F5172C}.Docker|ARM.Build.0 = Docker|Any CPU
		{1648241B-EBB3-D5DD-7AED-009630F5172C}.Docker|arm64.ActiveCfg = Docker|Any CPU
		{1648241B-EBB3-D5DD-7AED-009630F5172C}.Docker|arm64.Build.0 = Docker|Any CPU
		{1648241B-EBB3-D5DD-7AED-009630F5172C}.Docker|iPhone.ActiveCfg = Docker|Any CPU
		{1648241B-EBB3-D5DD-7AED-009630F5172C}.Docker|iPhone.Build.0 = Docker|Any CPU
		{1648241B-EBB3-D5DD-7AED-009630F5172C}.Docker|iPhoneSimulator.ActiveCfg = Docker|Any CPU
		{1648241B-EBB3-D5DD-7AED-009630F5172C}.Docker|iPhoneSimulator.Build.0 = Docker|Any CPU
		{1648241B-EBB3-D5DD-7AED-009630F5172C}.Docker|x64.ActiveCfg = Docker|Any CPU
		{1648241B-EBB3-D5DD-7AED-009630F5172C}.Docker|x64.Build.0 = Docker|Any CPU
		{1648241B-EBB3-D5DD-7AED-009630F5172C}.Docker|x86.ActiveCfg = Docker|Any CPU
		{1648241B-EBB3-D5DD-7AED-009630F5172C}.Docker|x86.Build.0 = Docker|Any CPU
		{1648241B-EBB3-D5DD-7AED-009630F5172C}.Release|Any CPU.ActiveCfg = Release|Any CPU
		{1648241B-EBB3-D5DD-7AED-009630F5172C}.Release|Any CPU.Build.0 = Release|Any CPU
		{1648241B-EBB3-D5DD-7AED-009630F5172C}.Release|ARM.ActiveCfg = Release|Any CPU
		{1648241B-EBB3-D5DD-7AED-009630F5172C}.Release|ARM.Build.0 = Release|Any CPU
		{1648241B-EBB3-D5DD-7AED-009630F5172C}.Release|arm64.ActiveCfg = Release|Any CPU
		{1648241B-EBB3-D5DD-7AED-009630F5172C}.Release|arm64.Build.0 = Release|Any CPU
		{1648241B-EBB3-D5DD-7AED-009630F5172C}.Release|iPhone.ActiveCfg = Release|Any CPU
		{1648241B-EBB3-D5DD-7AED-009630F5172C}.Release|iPhone.Build.0 = Release|Any CPU
		{1648241B-EBB3-D5DD-7AED-009630F5172C}.Release|iPhoneSimulator.ActiveCfg = Release|Any CPU
		{1648241B-EBB3-D5DD-7AED-009630F5172C}.Release|iPhoneSimulator.Build.0 = Release|Any CPU
		{1648241B-EBB3-D5DD-7AED-009630F5172C}.Release|x64.ActiveCfg = Release|Any CPU
		{1648241B-EBB3-D5DD-7AED-009630F5172C}.Release|x64.Build.0 = Release|Any CPU
		{1648241B-EBB3-D5DD-7AED-009630F5172C}.Release|x86.ActiveCfg = Release|Any CPU
		{1648241B-EBB3-D5DD-7AED-009630F5172C}.Release|x86.Build.0 = Release|Any CPU
		{1648241B-EBB3-D5DD-7AED-009630F5172C}.Test|Any CPU.ActiveCfg = Test|Any CPU
		{1648241B-EBB3-D5DD-7AED-009630F5172C}.Test|Any CPU.Build.0 = Test|Any CPU
		{1648241B-EBB3-D5DD-7AED-009630F5172C}.Test|ARM.ActiveCfg = Test|Any CPU
		{1648241B-EBB3-D5DD-7AED-009630F5172C}.Test|ARM.Build.0 = Test|Any CPU
		{1648241B-EBB3-D5DD-7AED-009630F5172C}.Test|arm64.ActiveCfg = Test|Any CPU
		{1648241B-EBB3-D5DD-7AED-009630F5172C}.Test|arm64.Build.0 = Test|Any CPU
		{1648241B-EBB3-D5DD-7AED-009630F5172C}.Test|iPhone.ActiveCfg = Test|Any CPU
		{1648241B-EBB3-D5DD-7AED-009630F5172C}.Test|iPhone.Build.0 = Test|Any CPU
		{1648241B-EBB3-D5DD-7AED-009630F5172C}.Test|iPhoneSimulator.ActiveCfg = Test|Any CPU
		{1648241B-EBB3-D5DD-7AED-009630F5172C}.Test|iPhoneSimulator.Build.0 = Test|Any CPU
		{1648241B-EBB3-D5DD-7AED-009630F5172C}.Test|x64.ActiveCfg = Test|Any CPU
		{1648241B-EBB3-D5DD-7AED-009630F5172C}.Test|x64.Build.0 = Test|Any CPU
		{1648241B-EBB3-D5DD-7AED-009630F5172C}.Test|x86.ActiveCfg = Test|Any CPU
		{1648241B-EBB3-D5DD-7AED-009630F5172C}.Test|x86.Build.0 = Test|Any CPU
	EndGlobalSection
	GlobalSection(SolutionProperties) = preSolution
		HideSolutionNode = FALSE
	EndGlobalSection
	GlobalSection(NestedProjects) = preSolution
		{7C219246-199D-4C86-AA9E-77BD5601D478} = {B579690F-FA70-4926-8D46-9BF1636C8FF5}
		{51EAAD69-75B4-4DCE-B681-511985BACCE8} = {0BC2D5FB-BE56-49CA-A9C3-D7BA82CFC680}
		{3B06C4A0-10EA-4891-A6A7-3D34A1C6E527} = {9B711C98-3993-46F9-8143-E67946E617FD}
		{4C8C565B-2294-4579-93EA-AB530F5EDFBB} = {8DAB4D8A-24D7-4F02-B7A5-EE9F730DEAE9}
		{A1452785-63CE-4667-A341-00C4E85CC56E} = {B579690F-FA70-4926-8D46-9BF1636C8FF5}
		{88DC324A-7680-4F2D-90BD-CCF2D2A04139} = {B579690F-FA70-4926-8D46-9BF1636C8FF5}
		{7C8873B6-A4F3-4F2D-9D67-E425EE583284} = {05349663-074F-4952-BA98-90E36CA690BB}
		{389CFC6A-A4BF-5140-6947-161E5FDBE287} = {02EA681E-C7D8-13C7-8484-4AC65E1B71E8}
		{16AD7245-D04F-BD30-349A-53127311A7B9} = {02EA681E-C7D8-13C7-8484-4AC65E1B71E8}
		{1648241B-EBB3-D5DD-7AED-009630F5172C} = {02EA681E-C7D8-13C7-8484-4AC65E1B71E8}
	EndGlobalSection
	GlobalSection(ExtensibilityGlobals) = postSolution
		SolutionGuid = {2021DFC3-FDFE-47E1-82B6-1443D5F9A932}
	EndGlobalSection
EndGlobal
